// !$*UTF8*$!
{
	archiveVersion = 1;
	classes = {
	};
	objectVersion = 46;
	objects = {

/* Begin PBXBuildFile section */
		634ECA941AA969BD0034D339 /* NewMessageViewController.m in Sources */ = {isa = PBXBuildFile; fileRef = 634ECA931AA969BD0034D339 /* NewMessageViewController.m */; };
		634ECA971AA9FB970034D339 /* NewMessageView.m in Sources */ = {isa = PBXBuildFile; fileRef = 634ECA961AA9FB970034D339 /* NewMessageView.m */; };
		6355B4241A9C028D00D25215 /* ProminentButton.m in Sources */ = {isa = PBXBuildFile; fileRef = 6355B4231A9C028D00D25215 /* ProminentButton.m */; };
		6355B42D1A9CFDF600D25215 /* SetupView.m in Sources */ = {isa = PBXBuildFile; fileRef = 6355B42C1A9CFDF600D25215 /* SetupView.m */; };
		6355B4331A9D10FB00D25215 /* GhostButton.m in Sources */ = {isa = PBXBuildFile; fileRef = 6355B4321A9D10FB00D25215 /* GhostButton.m */; };
		635E44B01AB912B400419FB9 /* TwitterKit.framework in Frameworks */ = {isa = PBXBuildFile; fileRef = 635E44AD1AB912B400419FB9 /* TwitterKit.framework */; };
		635E44B11AB912B400419FB9 /* TwitterKitResources.bundle in Resources */ = {isa = PBXBuildFile; fileRef = 635E44AE1AB912B400419FB9 /* TwitterKitResources.bundle */; };
		635E44B21AB912B400419FB9 /* Fabric.framework in Frameworks */ = {isa = PBXBuildFile; fileRef = 635E44AF1AB912B400419FB9 /* Fabric.framework */; };
		636185F41A81BA9100A9AE57 /* NavigationBar.m in Sources */ = {isa = PBXBuildFile; fileRef = 636185F31A81BA9100A9AE57 /* NavigationBar.m */; };
		636185F71A81BCB700A9AE57 /* NavigationViewController.m in Sources */ = {isa = PBXBuildFile; fileRef = 636185F61A81BCB700A9AE57 /* NavigationViewController.m */; };
		6399F8171AABA7C300C60719 /* TokenField.m in Sources */ = {isa = PBXBuildFile; fileRef = 6399F8161AABA7C300C60719 /* TokenField.m */; };
		6399F81B1AABE3AE00C60719 /* TextField.m in Sources */ = {isa = PBXBuildFile; fileRef = 6399F81A1AABE3AE00C60719 /* TextField.m */; };
		6399F8211AAE854500C60719 /* TableViewController.m in Sources */ = {isa = PBXBuildFile; fileRef = 6399F8201AAE854500C60719 /* TableViewController.m */; };
		63AA4CD11AA0C86E00B25274 /* NetworkingManager.m in Sources */ = {isa = PBXBuildFile; fileRef = 63AA4CD01AA0C86E00B25274 /* NetworkingManager.m */; };
		63BA5EB01A7BD895009A212E /* main.m in Sources */ = {isa = PBXBuildFile; fileRef = 63BA5EAF1A7BD895009A212E /* main.m */; };
		63BA5EB31A7BD895009A212E /* AppDelegate.m in Sources */ = {isa = PBXBuildFile; fileRef = 63BA5EB21A7BD895009A212E /* AppDelegate.m */; };
		63BA5EB91A7BD895009A212E /* Main.storyboard in Resources */ = {isa = PBXBuildFile; fileRef = 63BA5EB71A7BD895009A212E /* Main.storyboard */; };
		63BA5EBB1A7BD895009A212E /* Images.xcassets in Resources */ = {isa = PBXBuildFile; fileRef = 63BA5EBA1A7BD895009A212E /* Images.xcassets */; };
		63BA5EBE1A7BD895009A212E /* LaunchScreen.xib in Resources */ = {isa = PBXBuildFile; fileRef = 63BA5EBC1A7BD895009A212E /* LaunchScreen.xib */; };
		63BA5ECA1A7BD895009A212E /* GadaboutiOSTests.m in Sources */ = {isa = PBXBuildFile; fileRef = 63BA5EC91A7BD895009A212E /* GadaboutiOSTests.m */; };
		65E2EE0E7104F6A190F93CCC /* libPods-GadaboutiOS.a in Frameworks */ = {isa = PBXBuildFile; fileRef = 2C0AE7BC9956A43D35FD1C88 /* libPods-GadaboutiOS.a */; };
		FA1923B31A7BE1ED00561568 /* LocationController.m in Sources */ = {isa = PBXBuildFile; fileRef = FA1923B21A7BE1ED00561568 /* LocationController.m */; };
		FA1923B61A7BE57A00561568 /* CoreLocation.framework in Frameworks */ = {isa = PBXBuildFile; fileRef = FA1923B51A7BE57A00561568 /* CoreLocation.framework */; };
		FA9911941A8069CB00714F7D /* User.m in Sources */ = {isa = PBXBuildFile; fileRef = FA9911921A8069CB00714F7D /* User.m */; };
		FA99119C1A80A3DF00714F7D /* LoginViewController.m in Sources */ = {isa = PBXBuildFile; fileRef = FA99119B1A80A3DF00714F7D /* LoginViewController.m */; };
		FA9911A21A80BCB800714F7D /* PushStoryBoardSegue.m in Sources */ = {isa = PBXBuildFile; fileRef = FA9911A11A80BCB800714F7D /* PushStoryBoardSegue.m */; };
		FA9911A61A81A89200714F7D /* LocationAuthorizationViewController.m in Sources */ = {isa = PBXBuildFile; fileRef = FA9911A51A81A89200714F7D /* LocationAuthorizationViewController.m */; };
/* End PBXBuildFile section */

/* Begin PBXContainerItemProxy section */
		63BA5EC41A7BD895009A212E /* PBXContainerItemProxy */ = {
			isa = PBXContainerItemProxy;
			containerPortal = 63BA5EA21A7BD895009A212E /* Project object */;
			proxyType = 1;
			remoteGlobalIDString = 63BA5EA91A7BD895009A212E;
			remoteInfo = GadaboutiOS;
		};
/* End PBXContainerItemProxy section */

/* Begin PBXFileReference section */
		2C0AE7BC9956A43D35FD1C88 /* libPods-GadaboutiOS.a */ = {isa = PBXFileReference; explicitFileType = archive.ar; includeInIndex = 0; path = "libPods-GadaboutiOS.a"; sourceTree = BUILT_PRODUCTS_DIR; };
		4339D894D1CC6D612DA5E6BB /* Pods-GadaboutiOS.release.xcconfig */ = {isa = PBXFileReference; includeInIndex = 1; lastKnownFileType = text.xcconfig; name = "Pods-GadaboutiOS.release.xcconfig"; path = "Pods/Target Support Files/Pods-GadaboutiOS/Pods-GadaboutiOS.release.xcconfig"; sourceTree = "<group>"; };
		634ECA921AA969BD0034D339 /* NewMessageViewController.h */ = {isa = PBXFileReference; fileEncoding = 4; lastKnownFileType = sourcecode.c.h; path = NewMessageViewController.h; sourceTree = "<group>"; };
		634ECA931AA969BD0034D339 /* NewMessageViewController.m */ = {isa = PBXFileReference; fileEncoding = 4; lastKnownFileType = sourcecode.c.objc; path = NewMessageViewController.m; sourceTree = "<group>"; };
		634ECA951AA9FB970034D339 /* NewMessageView.h */ = {isa = PBXFileReference; fileEncoding = 4; lastKnownFileType = sourcecode.c.h; path = NewMessageView.h; sourceTree = "<group>"; };
		634ECA961AA9FB970034D339 /* NewMessageView.m */ = {isa = PBXFileReference; fileEncoding = 4; lastKnownFileType = sourcecode.c.objc; path = NewMessageView.m; sourceTree = "<group>"; };
		6355B4221A9C028D00D25215 /* ProminentButton.h */ = {isa = PBXFileReference; fileEncoding = 4; lastKnownFileType = sourcecode.c.h; path = ProminentButton.h; sourceTree = "<group>"; };
		6355B4231A9C028D00D25215 /* ProminentButton.m */ = {isa = PBXFileReference; fileEncoding = 4; lastKnownFileType = sourcecode.c.objc; path = ProminentButton.m; sourceTree = "<group>"; };
		6355B42B1A9CFDF600D25215 /* SetupView.h */ = {isa = PBXFileReference; fileEncoding = 4; lastKnownFileType = sourcecode.c.h; path = SetupView.h; sourceTree = "<group>"; };
		6355B42C1A9CFDF600D25215 /* SetupView.m */ = {isa = PBXFileReference; fileEncoding = 4; lastKnownFileType = sourcecode.c.objc; path = SetupView.m; sourceTree = "<group>"; };
		6355B4311A9D10FB00D25215 /* GhostButton.h */ = {isa = PBXFileReference; fileEncoding = 4; lastKnownFileType = sourcecode.c.h; path = GhostButton.h; sourceTree = "<group>"; };
		6355B4321A9D10FB00D25215 /* GhostButton.m */ = {isa = PBXFileReference; fileEncoding = 4; lastKnownFileType = sourcecode.c.objc; path = GhostButton.m; sourceTree = "<group>"; };
		635E44AD1AB912B400419FB9 /* TwitterKit.framework */ = {isa = PBXFileReference; lastKnownFileType = wrapper.framework; path = TwitterKit.framework; sourceTree = "<group>"; };
		635E44AE1AB912B400419FB9 /* TwitterKitResources.bundle */ = {isa = PBXFileReference; lastKnownFileType = "wrapper.plug-in"; name = TwitterKitResources.bundle; path = TwitterKit.framework/Versions/A/Resources/TwitterKitResources.bundle; sourceTree = "<group>"; };
		635E44AF1AB912B400419FB9 /* Fabric.framework */ = {isa = PBXFileReference; lastKnownFileType = wrapper.framework; path = Fabric.framework; sourceTree = "<group>"; };
		636185F21A81BA9100A9AE57 /* NavigationBar.h */ = {isa = PBXFileReference; fileEncoding = 4; lastKnownFileType = sourcecode.c.h; path = NavigationBar.h; sourceTree = "<group>"; };
		636185F31A81BA9100A9AE57 /* NavigationBar.m */ = {isa = PBXFileReference; fileEncoding = 4; lastKnownFileType = sourcecode.c.objc; path = NavigationBar.m; sourceTree = "<group>"; };
		636185F51A81BCB700A9AE57 /* NavigationViewController.h */ = {isa = PBXFileReference; fileEncoding = 4; lastKnownFileType = sourcecode.c.h; path = NavigationViewController.h; sourceTree = "<group>"; };
		636185F61A81BCB700A9AE57 /* NavigationViewController.m */ = {isa = PBXFileReference; fileEncoding = 4; lastKnownFileType = sourcecode.c.objc; path = NavigationViewController.m; sourceTree = "<group>"; };
		6399F8151AABA7C300C60719 /* TokenField.h */ = {isa = PBXFileReference; fileEncoding = 4; lastKnownFileType = sourcecode.c.h; name = TokenField.h; path = Forms/TokenField.h; sourceTree = "<group>"; };
		6399F8161AABA7C300C60719 /* TokenField.m */ = {isa = PBXFileReference; fileEncoding = 4; lastKnownFileType = sourcecode.c.objc; name = TokenField.m; path = Forms/TokenField.m; sourceTree = "<group>"; };
		6399F8191AABE3AE00C60719 /* TextField.h */ = {isa = PBXFileReference; fileEncoding = 4; lastKnownFileType = sourcecode.c.h; name = TextField.h; path = Forms/TextField.h; sourceTree = "<group>"; };
		6399F81A1AABE3AE00C60719 /* TextField.m */ = {isa = PBXFileReference; fileEncoding = 4; lastKnownFileType = sourcecode.c.objc; name = TextField.m; path = Forms/TextField.m; sourceTree = "<group>"; };
		6399F81F1AAE854500C60719 /* TableViewController.h */ = {isa = PBXFileReference; fileEncoding = 4; lastKnownFileType = sourcecode.c.h; path = TableViewController.h; sourceTree = "<group>"; };
		6399F8201AAE854500C60719 /* TableViewController.m */ = {isa = PBXFileReference; fileEncoding = 4; lastKnownFileType = sourcecode.c.objc; path = TableViewController.m; sourceTree = "<group>"; };
		63AA4CCF1AA0C86E00B25274 /* NetworkingManager.h */ = {isa = PBXFileReference; fileEncoding = 4; lastKnownFileType = sourcecode.c.h; path = NetworkingManager.h; sourceTree = "<group>"; };
		63AA4CD01AA0C86E00B25274 /* NetworkingManager.m */ = {isa = PBXFileReference; fileEncoding = 4; lastKnownFileType = sourcecode.c.objc; path = NetworkingManager.m; sourceTree = "<group>"; };
		63BA5EAA1A7BD895009A212E /* GadaboutiOS.app */ = {isa = PBXFileReference; explicitFileType = wrapper.application; includeInIndex = 0; path = GadaboutiOS.app; sourceTree = BUILT_PRODUCTS_DIR; };
		63BA5EAE1A7BD895009A212E /* Info.plist */ = {isa = PBXFileReference; lastKnownFileType = text.plist.xml; path = Info.plist; sourceTree = "<group>"; };
		63BA5EAF1A7BD895009A212E /* main.m */ = {isa = PBXFileReference; lastKnownFileType = sourcecode.c.objc; path = main.m; sourceTree = "<group>"; };
		63BA5EB11A7BD895009A212E /* AppDelegate.h */ = {isa = PBXFileReference; lastKnownFileType = sourcecode.c.h; path = AppDelegate.h; sourceTree = "<group>"; };
		63BA5EB21A7BD895009A212E /* AppDelegate.m */ = {isa = PBXFileReference; lastKnownFileType = sourcecode.c.objc; path = AppDelegate.m; sourceTree = "<group>"; };
		63BA5EB81A7BD895009A212E /* Base */ = {isa = PBXFileReference; lastKnownFileType = file.storyboard; name = Base; path = Base.lproj/Main.storyboard; sourceTree = "<group>"; };
		63BA5EBA1A7BD895009A212E /* Images.xcassets */ = {isa = PBXFileReference; lastKnownFileType = folder.assetcatalog; path = Images.xcassets; sourceTree = "<group>"; };
		63BA5EBD1A7BD895009A212E /* Base */ = {isa = PBXFileReference; lastKnownFileType = file.xib; name = Base; path = Base.lproj/LaunchScreen.xib; sourceTree = "<group>"; };
		63BA5EC31A7BD895009A212E /* GadaboutiOSTests.xctest */ = {isa = PBXFileReference; explicitFileType = wrapper.cfbundle; includeInIndex = 0; path = GadaboutiOSTests.xctest; sourceTree = BUILT_PRODUCTS_DIR; };
		63BA5EC81A7BD895009A212E /* Info.plist */ = {isa = PBXFileReference; lastKnownFileType = text.plist.xml; path = Info.plist; sourceTree = "<group>"; };
		63BA5EC91A7BD895009A212E /* GadaboutiOSTests.m */ = {isa = PBXFileReference; lastKnownFileType = sourcecode.c.objc; path = GadaboutiOSTests.m; sourceTree = "<group>"; };
		D3B60062277E2CF1D1993697 /* Pods-GadaboutiOS.debug.xcconfig */ = {isa = PBXFileReference; includeInIndex = 1; lastKnownFileType = text.xcconfig; name = "Pods-GadaboutiOS.debug.xcconfig"; path = "Pods/Target Support Files/Pods-GadaboutiOS/Pods-GadaboutiOS.debug.xcconfig"; sourceTree = "<group>"; };
		FA1923B21A7BE1ED00561568 /* LocationController.m */ = {isa = PBXFileReference; fileEncoding = 4; lastKnownFileType = sourcecode.c.objc; path = LocationController.m; sourceTree = "<group>"; };
		FA1923B41A7BE20800561568 /* LocationController.h */ = {isa = PBXFileReference; fileEncoding = 4; lastKnownFileType = sourcecode.c.h; path = LocationController.h; sourceTree = "<group>"; };
		FA1923B51A7BE57A00561568 /* CoreLocation.framework */ = {isa = PBXFileReference; lastKnownFileType = wrapper.framework; name = CoreLocation.framework; path = System/Library/Frameworks/CoreLocation.framework; sourceTree = SDKROOT; };
		FA9911911A8069CB00714F7D /* User.h */ = {isa = PBXFileReference; fileEncoding = 4; lastKnownFileType = sourcecode.c.h; path = User.h; sourceTree = "<group>"; };
		FA9911921A8069CB00714F7D /* User.m */ = {isa = PBXFileReference; fileEncoding = 4; lastKnownFileType = sourcecode.c.objc; path = User.m; sourceTree = "<group>"; };
		FA99119A1A80A3DF00714F7D /* LoginViewController.h */ = {isa = PBXFileReference; fileEncoding = 4; lastKnownFileType = sourcecode.c.h; path = LoginViewController.h; sourceTree = "<group>"; };
		FA99119B1A80A3DF00714F7D /* LoginViewController.m */ = {isa = PBXFileReference; fileEncoding = 4; lastKnownFileType = sourcecode.c.objc; path = LoginViewController.m; sourceTree = "<group>"; };
		FA9911A01A80BCB800714F7D /* PushStoryBoardSegue.h */ = {isa = PBXFileReference; fileEncoding = 4; lastKnownFileType = sourcecode.c.h; path = PushStoryBoardSegue.h; sourceTree = "<group>"; };
		FA9911A11A80BCB800714F7D /* PushStoryBoardSegue.m */ = {isa = PBXFileReference; fileEncoding = 4; lastKnownFileType = sourcecode.c.objc; path = PushStoryBoardSegue.m; sourceTree = "<group>"; };
		FA9911A41A81A89200714F7D /* LocationAuthorizationViewController.h */ = {isa = PBXFileReference; fileEncoding = 4; lastKnownFileType = sourcecode.c.h; path = LocationAuthorizationViewController.h; sourceTree = "<group>"; };
		FA9911A51A81A89200714F7D /* LocationAuthorizationViewController.m */ = {isa = PBXFileReference; fileEncoding = 4; lastKnownFileType = sourcecode.c.objc; path = LocationAuthorizationViewController.m; sourceTree = "<group>"; };
/* End PBXFileReference section */

/* Begin PBXFrameworksBuildPhase section */
		63BA5EA71A7BD895009A212E /* Frameworks */ = {
			isa = PBXFrameworksBuildPhase;
			buildActionMask = 2147483647;
			files = (
				FA1923B61A7BE57A00561568 /* CoreLocation.framework in Frameworks */,
				65E2EE0E7104F6A190F93CCC /* libPods-GadaboutiOS.a in Frameworks */,
				635E44B01AB912B400419FB9 /* TwitterKit.framework in Frameworks */,
				635E44B21AB912B400419FB9 /* Fabric.framework in Frameworks */,
			);
			runOnlyForDeploymentPostprocessing = 0;
		};
		63BA5EC01A7BD895009A212E /* Frameworks */ = {
			isa = PBXFrameworksBuildPhase;
			buildActionMask = 2147483647;
			files = (
			);
			runOnlyForDeploymentPostprocessing = 0;
		};
/* End PBXFrameworksBuildPhase section */

/* Begin PBXGroup section */
		129DD7605676E266BEE672EF /* Pods */ = {
			isa = PBXGroup;
			children = (
				D3B60062277E2CF1D1993697 /* Pods-GadaboutiOS.debug.xcconfig */,
				4339D894D1CC6D612DA5E6BB /* Pods-GadaboutiOS.release.xcconfig */,
			);
			name = Pods;
			sourceTree = "<group>";
		};
		56D11405C21761CA26F517D4 /* Frameworks */ = {
			isa = PBXGroup;
			children = (
				2C0AE7BC9956A43D35FD1C88 /* libPods-GadaboutiOS.a */,
			);
			name = Frameworks;
			sourceTree = "<group>";
		};
		6300E7A51A81A1E50007CD3A /* Custom UI */ = {
			isa = PBXGroup;
			children = (
				6399F8181AABA7C700C60719 /* Forms */,
				6355B4291A9CFB8100D25215 /* Navigation Bar */,
				6355B42A1A9CFB9000D25215 /* Buttons */,
			);
			path = "Custom UI";
			sourceTree = "<group>";
		};
		6355B4271A9CF0C800D25215 /* Storyboards */ = {
			isa = PBXGroup;
			children = (
				63BA5EB71A7BD895009A212E /* Main.storyboard */,
			);
			path = Storyboards;
			sourceTree = "<group>";
		};
		6355B4291A9CFB8100D25215 /* Navigation Bar */ = {
			isa = PBXGroup;
			children = (
				636185F21A81BA9100A9AE57 /* NavigationBar.h */,
				636185F31A81BA9100A9AE57 /* NavigationBar.m */,
			);
			path = "Navigation Bar";
			sourceTree = "<group>";
		};
		6355B42A1A9CFB9000D25215 /* Buttons */ = {
			isa = PBXGroup;
			children = (
				6355B4221A9C028D00D25215 /* ProminentButton.h */,
				6355B4231A9C028D00D25215 /* ProminentButton.m */,
				6355B4311A9D10FB00D25215 /* GhostButton.h */,
				6355B4321A9D10FB00D25215 /* GhostButton.m */,
			);
			path = Buttons;
			sourceTree = "<group>";
		};
		6355B4341A9D222000D25215 /* Helpers */ = {
			isa = PBXGroup;
			children = (
				FA1923B41A7BE20800561568 /* LocationController.h */,
				FA1923B21A7BE1ED00561568 /* LocationController.m */,
				63AA4CCF1AA0C86E00B25274 /* NetworkingManager.h */,
				63AA4CD01AA0C86E00B25274 /* NetworkingManager.m */,
			);
			path = Helpers;
			sourceTree = "<group>";
		};
		6355B4351A9D224D00D25215 /* View Controllers */ = {
			isa = PBXGroup;
			children = (
				635E44B31AB9ECE600419FB9 /* Setup */,
				6399F81F1AAE854500C60719 /* TableViewController.h */,
				6399F8201AAE854500C60719 /* TableViewController.m */,
				636185F51A81BCB700A9AE57 /* NavigationViewController.h */,
				636185F61A81BCB700A9AE57 /* NavigationViewController.m */,
				634ECA921AA969BD0034D339 /* NewMessageViewController.h */,
				634ECA931AA969BD0034D339 /* NewMessageViewController.m */,
			);
			path = "View Controllers";
			sourceTree = "<group>";
		};
		635E44B31AB9ECE600419FB9 /* Setup */ = {
			isa = PBXGroup;
			children = (
				FA99119A1A80A3DF00714F7D /* LoginViewController.h */,
				FA99119B1A80A3DF00714F7D /* LoginViewController.m */,
				FA9911A41A81A89200714F7D /* LocationAuthorizationViewController.h */,
				FA9911A51A81A89200714F7D /* LocationAuthorizationViewController.m */,
			);
			name = Setup;
			sourceTree = "<group>";
		};
		6399F8181AABA7C700C60719 /* Forms */ = {
			isa = PBXGroup;
			children = (
				6399F8151AABA7C300C60719 /* TokenField.h */,
				6399F8161AABA7C300C60719 /* TokenField.m */,
				6399F8191AABE3AE00C60719 /* TextField.h */,
				6399F81A1AABE3AE00C60719 /* TextField.m */,
			);
			name = Forms;
			sourceTree = "<group>";
		};
		63BA5EA11A7BD895009A212E = {
			isa = PBXGroup;
			children = (
				635E44AD1AB912B400419FB9 /* TwitterKit.framework */,
				635E44AE1AB912B400419FB9 /* TwitterKitResources.bundle */,
				635E44AF1AB912B400419FB9 /* Fabric.framework */,
				FA1923B51A7BE57A00561568 /* CoreLocation.framework */,
				63BA5EAC1A7BD895009A212E /* GadaboutiOS */,
				63BA5EC61A7BD895009A212E /* GadaboutiOSTests */,
				63BA5EAB1A7BD895009A212E /* Products */,
				129DD7605676E266BEE672EF /* Pods */,
				56D11405C21761CA26F517D4 /* Frameworks */,
			);
			sourceTree = "<group>";
		};
		63BA5EAB1A7BD895009A212E /* Products */ = {
			isa = PBXGroup;
			children = (
				63BA5EAA1A7BD895009A212E /* GadaboutiOS.app */,
				63BA5EC31A7BD895009A212E /* GadaboutiOSTests.xctest */,
			);
			name = Products;
			sourceTree = "<group>";
		};
		63BA5EAC1A7BD895009A212E /* GadaboutiOS */ = {
			isa = PBXGroup;
			children = (
				FA9911A31A810A8100714F7D /* Animations */,
				6355B4271A9CF0C800D25215 /* Storyboards */,
				6300E7A51A81A1E50007CD3A /* Custom UI */,
				FA1923AC1A7BE13700561568 /* Model */,
				FA1923AE1A7BE14300561568 /* Views */,
				FA1923AB1A7BE12C00561568 /* Controllers */,
				63BA5EB11A7BD895009A212E /* AppDelegate.h */,
				63BA5EB21A7BD895009A212E /* AppDelegate.m */,
				63BA5EBA1A7BD895009A212E /* Images.xcassets */,
				63BA5EBC1A7BD895009A212E /* LaunchScreen.xib */,
				63BA5EAD1A7BD895009A212E /* Supporting Files */,
			);
			path = GadaboutiOS;
			sourceTree = "<group>";
		};
		63BA5EAD1A7BD895009A212E /* Supporting Files */ = {
			isa = PBXGroup;
			children = (
				63BA5EAE1A7BD895009A212E /* Info.plist */,
				63BA5EAF1A7BD895009A212E /* main.m */,
			);
			path = "Supporting Files";
			sourceTree = "<group>";
		};
		63BA5EC61A7BD895009A212E /* GadaboutiOSTests */ = {
			isa = PBXGroup;
			children = (
				63BA5EC91A7BD895009A212E /* GadaboutiOSTests.m */,
				63BA5EC71A7BD895009A212E /* Supporting Files */,
			);
			path = GadaboutiOSTests;
			sourceTree = "<group>";
		};
		63BA5EC71A7BD895009A212E /* Supporting Files */ = {
			isa = PBXGroup;
			children = (
				63BA5EC81A7BD895009A212E /* Info.plist */,
			);
			path = "Supporting Files";
			sourceTree = "<group>";
		};
		FA1923AB1A7BE12C00561568 /* Controllers */ = {
			isa = PBXGroup;
			children = (
				6355B4341A9D222000D25215 /* Helpers */,
				6355B4351A9D224D00D25215 /* View Controllers */,
			);
			path = Controllers;
			sourceTree = "<group>";
		};
		FA1923AC1A7BE13700561568 /* Model */ = {
			isa = PBXGroup;
			children = (
				FA9911911A8069CB00714F7D /* User.h */,
				FA9911921A8069CB00714F7D /* User.m */,
			);
			path = Model;
			sourceTree = "<group>";
		};
		FA1923AE1A7BE14300561568 /* Views */ = {
			isa = PBXGroup;
			children = (
				634ECA951AA9FB970034D339 /* NewMessageView.h */,
				634ECA961AA9FB970034D339 /* NewMessageView.m */,
				6355B42B1A9CFDF600D25215 /* SetupView.h */,
				6355B42C1A9CFDF600D25215 /* SetupView.m */,
			);
			path = Views;
			sourceTree = "<group>";
		};
		FA9911A31A810A8100714F7D /* Animations */ = {
			isa = PBXGroup;
			children = (
				FA9911A01A80BCB800714F7D /* PushStoryBoardSegue.h */,
				FA9911A11A80BCB800714F7D /* PushStoryBoardSegue.m */,
			);
			path = Animations;
			sourceTree = "<group>";
		};
/* End PBXGroup section */

/* Begin PBXNativeTarget section */
		63BA5EA91A7BD895009A212E /* GadaboutiOS */ = {
			isa = PBXNativeTarget;
			buildConfigurationList = 63BA5ECD1A7BD895009A212E /* Build configuration list for PBXNativeTarget "GadaboutiOS" */;
			buildPhases = (
				6C48B3B370E6BF53EFA2F60F /* Check Pods Manifest.lock */,
				63BA5EA61A7BD895009A212E /* Sources */,
				63BA5EA71A7BD895009A212E /* Frameworks */,
				63BA5EA81A7BD895009A212E /* Resources */,
				A06A41E65570AF7C1F77B9E1 /* Copy Pods Resources */,
				635E44AC1AB9128300419FB9 /* ShellScript */,
			);
			buildRules = (
			);
			dependencies = (
			);
			name = GadaboutiOS;
			productName = GadaboutiOS;
			productReference = 63BA5EAA1A7BD895009A212E /* GadaboutiOS.app */;
			productType = "com.apple.product-type.application";
		};
		63BA5EC21A7BD895009A212E /* GadaboutiOSTests */ = {
			isa = PBXNativeTarget;
			buildConfigurationList = 63BA5ED01A7BD895009A212E /* Build configuration list for PBXNativeTarget "GadaboutiOSTests" */;
			buildPhases = (
				63BA5EBF1A7BD895009A212E /* Sources */,
				63BA5EC01A7BD895009A212E /* Frameworks */,
				63BA5EC11A7BD895009A212E /* Resources */,
			);
			buildRules = (
			);
			dependencies = (
				63BA5EC51A7BD895009A212E /* PBXTargetDependency */,
			);
			name = GadaboutiOSTests;
			productName = GadaboutiOSTests;
			productReference = 63BA5EC31A7BD895009A212E /* GadaboutiOSTests.xctest */;
			productType = "com.apple.product-type.bundle.unit-test";
		};
/* End PBXNativeTarget section */

/* Begin PBXProject section */
		63BA5EA21A7BD895009A212E /* Project object */ = {
			isa = PBXProject;
			attributes = {
				LastUpgradeCheck = 0610;
				ORGANIZATIONNAME = GadaboutTeam;
				TargetAttributes = {
					63BA5EA91A7BD895009A212E = {
						CreatedOnToolsVersion = 6.1.1;
					};
					63BA5EC21A7BD895009A212E = {
						CreatedOnToolsVersion = 6.1.1;
						TestTargetID = 63BA5EA91A7BD895009A212E;
					};
				};
			};
			buildConfigurationList = 63BA5EA51A7BD895009A212E /* Build configuration list for PBXProject "GadaboutiOS" */;
			compatibilityVersion = "Xcode 3.2";
			developmentRegion = English;
			hasScannedForEncodings = 0;
			knownRegions = (
				en,
				Base,
			);
			mainGroup = 63BA5EA11A7BD895009A212E;
			productRefGroup = 63BA5EAB1A7BD895009A212E /* Products */;
			projectDirPath = "";
			projectRoot = "";
			targets = (
				63BA5EA91A7BD895009A212E /* GadaboutiOS */,
				63BA5EC21A7BD895009A212E /* GadaboutiOSTests */,
			);
		};
/* End PBXProject section */

/* Begin PBXResourcesBuildPhase section */
		63BA5EA81A7BD895009A212E /* Resources */ = {
			isa = PBXResourcesBuildPhase;
			buildActionMask = 2147483647;
			files = (
				63BA5EB91A7BD895009A212E /* Main.storyboard in Resources */,
				63BA5EBE1A7BD895009A212E /* LaunchScreen.xib in Resources */,
				63BA5EBB1A7BD895009A212E /* Images.xcassets in Resources */,
				635E44B11AB912B400419FB9 /* TwitterKitResources.bundle in Resources */,
			);
			runOnlyForDeploymentPostprocessing = 0;
		};
		63BA5EC11A7BD895009A212E /* Resources */ = {
			isa = PBXResourcesBuildPhase;
			buildActionMask = 2147483647;
			files = (
			);
			runOnlyForDeploymentPostprocessing = 0;
		};
/* End PBXResourcesBuildPhase section */

/* Begin PBXShellScriptBuildPhase section */
		635E44AC1AB9128300419FB9 /* ShellScript */ = {
			isa = PBXShellScriptBuildPhase;
			buildActionMask = 2147483647;
			files = (
			);
			inputPaths = (
			);
			outputPaths = (
			);
			runOnlyForDeploymentPostprocessing = 0;
			shellPath = /bin/sh;
			shellScript = "./Fabric.framework/run 86c0cd87841d9edfab347958d0462d52041f56ad 78d390dc92de0b85695ee456ed88d844e0588aad2ce2d415db40b027e81e0223";
		};
		6C48B3B370E6BF53EFA2F60F /* Check Pods Manifest.lock */ = {
			isa = PBXShellScriptBuildPhase;
			buildActionMask = 2147483647;
			files = (
			);
			inputPaths = (
			);
			name = "Check Pods Manifest.lock";
			outputPaths = (
			);
			runOnlyForDeploymentPostprocessing = 0;
			shellPath = /bin/sh;
			shellScript = "diff \"${PODS_ROOT}/../Podfile.lock\" \"${PODS_ROOT}/Manifest.lock\" > /dev/null\nif [[ $? != 0 ]] ; then\n    cat << EOM\nerror: The sandbox is not in sync with the Podfile.lock. Run 'pod install' or update your CocoaPods installation.\nEOM\n    exit 1\nfi\n";
			showEnvVarsInLog = 0;
		};
		A06A41E65570AF7C1F77B9E1 /* Copy Pods Resources */ = {
			isa = PBXShellScriptBuildPhase;
			buildActionMask = 2147483647;
			files = (
			);
			inputPaths = (
			);
			name = "Copy Pods Resources";
			outputPaths = (
			);
			runOnlyForDeploymentPostprocessing = 0;
			shellPath = /bin/sh;
			shellScript = "\"${SRCROOT}/Pods/Target Support Files/Pods-GadaboutiOS/Pods-GadaboutiOS-resources.sh\"\n";
			showEnvVarsInLog = 0;
		};
/* End PBXShellScriptBuildPhase section */

/* Begin PBXSourcesBuildPhase section */
		63BA5EA61A7BD895009A212E /* Sources */ = {
			isa = PBXSourcesBuildPhase;
			buildActionMask = 2147483647;
			files = (
				FA9911941A8069CB00714F7D /* User.m in Sources */,
				636185F71A81BCB700A9AE57 /* NavigationViewController.m in Sources */,
				6355B42D1A9CFDF600D25215 /* SetupView.m in Sources */,
				6399F81B1AABE3AE00C60719 /* TextField.m in Sources */,
				6355B4331A9D10FB00D25215 /* GhostButton.m in Sources */,
				FA99119C1A80A3DF00714F7D /* LoginViewController.m in Sources */,
				FA9911A21A80BCB800714F7D /* PushStoryBoardSegue.m in Sources */,
				634ECA971AA9FB970034D339 /* NewMessageView.m in Sources */,
				6399F8171AABA7C300C60719 /* TokenField.m in Sources */,
				FA1923B31A7BE1ED00561568 /* LocationController.m in Sources */,
				63BA5EB31A7BD895009A212E /* AppDelegate.m in Sources */,
				634ECA941AA969BD0034D339 /* NewMessageViewController.m in Sources */,
				63AA4CD11AA0C86E00B25274 /* NetworkingManager.m in Sources */,
				636185F41A81BA9100A9AE57 /* NavigationBar.m in Sources */,
				63BA5EB01A7BD895009A212E /* main.m in Sources */,
				6355B4241A9C028D00D25215 /* ProminentButton.m in Sources */,
				6399F8211AAE854500C60719 /* TableViewController.m in Sources */,
				FA9911A61A81A89200714F7D /* LocationAuthorizationViewController.m in Sources */,
			);
			runOnlyForDeploymentPostprocessing = 0;
		};
		63BA5EBF1A7BD895009A212E /* Sources */ = {
			isa = PBXSourcesBuildPhase;
			buildActionMask = 2147483647;
			files = (
				63BA5ECA1A7BD895009A212E /* GadaboutiOSTests.m in Sources */,
			);
			runOnlyForDeploymentPostprocessing = 0;
		};
/* End PBXSourcesBuildPhase section */

/* Begin PBXTargetDependency section */
		63BA5EC51A7BD895009A212E /* PBXTargetDependency */ = {
			isa = PBXTargetDependency;
			target = 63BA5EA91A7BD895009A212E /* GadaboutiOS */;
			targetProxy = 63BA5EC41A7BD895009A212E /* PBXContainerItemProxy */;
		};
/* End PBXTargetDependency section */

/* Begin PBXVariantGroup section */
		63BA5EB71A7BD895009A212E /* Main.storyboard */ = {
			isa = PBXVariantGroup;
			children = (
				63BA5EB81A7BD895009A212E /* Base */,
			);
			name = Main.storyboard;
			path = .;
			sourceTree = "<group>";
		};
		63BA5EBC1A7BD895009A212E /* LaunchScreen.xib */ = {
			isa = PBXVariantGroup;
			children = (
				63BA5EBD1A7BD895009A212E /* Base */,
			);
			name = LaunchScreen.xib;
			path = .;
			sourceTree = "<group>";
		};
/* End PBXVariantGroup section */

/* Begin XCBuildConfiguration section */
		63BA5ECB1A7BD895009A212E /* Debug */ = {
			isa = XCBuildConfiguration;
			buildSettings = {
				ALWAYS_SEARCH_USER_PATHS = NO;
				CLANG_CXX_LANGUAGE_STANDARD = "gnu++0x";
				CLANG_CXX_LIBRARY = "libc++";
				CLANG_ENABLE_MODULES = YES;
				CLANG_ENABLE_OBJC_ARC = YES;
				CLANG_WARN_BOOL_CONVERSION = YES;
				CLANG_WARN_CONSTANT_CONVERSION = YES;
				CLANG_WARN_DIRECT_OBJC_ISA_USAGE = YES_ERROR;
				CLANG_WARN_EMPTY_BODY = YES;
				CLANG_WARN_ENUM_CONVERSION = YES;
				CLANG_WARN_INT_CONVERSION = YES;
				CLANG_WARN_OBJC_ROOT_CLASS = YES_ERROR;
				CLANG_WARN_UNREACHABLE_CODE = YES;
				CLANG_WARN__DUPLICATE_METHOD_MATCH = YES;
				"CODE_SIGN_IDENTITY[sdk=iphoneos*]" = "iPhone Developer";
				COPY_PHASE_STRIP = NO;
				ENABLE_STRICT_OBJC_MSGSEND = YES;
				GCC_C_LANGUAGE_STANDARD = gnu99;
				GCC_DYNAMIC_NO_PIC = NO;
				GCC_OPTIMIZATION_LEVEL = 0;
				GCC_PREPROCESSOR_DEFINITIONS = (
					"DEBUG=1",
					"$(inherited)",
				);
				GCC_SYMBOLS_PRIVATE_EXTERN = NO;
				GCC_WARN_64_TO_32_BIT_CONVERSION = YES;
				GCC_WARN_ABOUT_RETURN_TYPE = YES_ERROR;
				GCC_WARN_UNDECLARED_SELECTOR = YES;
				GCC_WARN_UNINITIALIZED_AUTOS = YES_AGGRESSIVE;
				GCC_WARN_UNUSED_FUNCTION = YES;
				GCC_WARN_UNUSED_VARIABLE = YES;
				IPHONEOS_DEPLOYMENT_TARGET = 8.1;
				MTL_ENABLE_DEBUG_INFO = YES;
				ONLY_ACTIVE_ARCH = YES;
				SDKROOT = iphoneos;
			};
			name = Debug;
		};
		63BA5ECC1A7BD895009A212E /* Release */ = {
			isa = XCBuildConfiguration;
			buildSettings = {
				ALWAYS_SEARCH_USER_PATHS = NO;
				CLANG_CXX_LANGUAGE_STANDARD = "gnu++0x";
				CLANG_CXX_LIBRARY = "libc++";
				CLANG_ENABLE_MODULES = YES;
				CLANG_ENABLE_OBJC_ARC = YES;
				CLANG_WARN_BOOL_CONVERSION = YES;
				CLANG_WARN_CONSTANT_CONVERSION = YES;
				CLANG_WARN_DIRECT_OBJC_ISA_USAGE = YES_ERROR;
				CLANG_WARN_EMPTY_BODY = YES;
				CLANG_WARN_ENUM_CONVERSION = YES;
				CLANG_WARN_INT_CONVERSION = YES;
				CLANG_WARN_OBJC_ROOT_CLASS = YES_ERROR;
				CLANG_WARN_UNREACHABLE_CODE = YES;
				CLANG_WARN__DUPLICATE_METHOD_MATCH = YES;
				"CODE_SIGN_IDENTITY[sdk=iphoneos*]" = "iPhone Developer";
				COPY_PHASE_STRIP = YES;
				ENABLE_NS_ASSERTIONS = NO;
				ENABLE_STRICT_OBJC_MSGSEND = YES;
				GCC_C_LANGUAGE_STANDARD = gnu99;
				GCC_WARN_64_TO_32_BIT_CONVERSION = YES;
				GCC_WARN_ABOUT_RETURN_TYPE = YES_ERROR;
				GCC_WARN_UNDECLARED_SELECTOR = YES;
				GCC_WARN_UNINITIALIZED_AUTOS = YES_AGGRESSIVE;
				GCC_WARN_UNUSED_FUNCTION = YES;
				GCC_WARN_UNUSED_VARIABLE = YES;
				IPHONEOS_DEPLOYMENT_TARGET = 8.1;
				MTL_ENABLE_DEBUG_INFO = NO;
				SDKROOT = iphoneos;
				VALIDATE_PRODUCT = YES;
			};
			name = Release;
		};
		63BA5ECE1A7BD895009A212E /* Debug */ = {
			isa = XCBuildConfiguration;
			baseConfigurationReference = D3B60062277E2CF1D1993697 /* Pods-GadaboutiOS.debug.xcconfig */;
			buildSettings = {
				ASSETCATALOG_COMPILER_APPICON_NAME = AppIcon;
				FRAMEWORK_SEARCH_PATHS = (
					"$(inherited)",
					"$(PROJECT_DIR)",
				);
				INFOPLIST_FILE = "GadaboutiOS/Supporting Files/Info.plist";
				LD_RUNPATH_SEARCH_PATHS = "$(inherited) @executable_path/Frameworks";
				PRODUCT_NAME = "$(TARGET_NAME)";
			};
			name = Debug;
		};
		63BA5ECF1A7BD895009A212E /* Release */ = {
			isa = XCBuildConfiguration;
			baseConfigurationReference = 4339D894D1CC6D612DA5E6BB /* Pods-GadaboutiOS.release.xcconfig */;
			buildSettings = {
				ASSETCATALOG_COMPILER_APPICON_NAME = AppIcon;
				FRAMEWORK_SEARCH_PATHS = (
					"$(inherited)",
					"$(PROJECT_DIR)",
				);
				INFOPLIST_FILE = "GadaboutiOS/Supporting Files/Info.plist";
				LD_RUNPATH_SEARCH_PATHS = "$(inherited) @executable_path/Frameworks";
				PRODUCT_NAME = "$(TARGET_NAME)";
			};
			name = Release;
		};
		63BA5ED11A7BD895009A212E /* Debug */ = {
			isa = XCBuildConfiguration;
			buildSettings = {
				BUNDLE_LOADER = "$(TEST_HOST)";
				FRAMEWORK_SEARCH_PATHS = (
					"$(SDKROOT)/Developer/Library/Frameworks",
					"$(inherited)",
				);
				GCC_PREPROCESSOR_DEFINITIONS = (
					"DEBUG=1",
					"$(inherited)",
				);
				INFOPLIST_FILE = "GadaboutiOSTests/Supporting Files/Info.plist";
				LD_RUNPATH_SEARCH_PATHS = "$(inherited) @executable_path/Frameworks @loader_path/Frameworks";
				PRODUCT_NAME = "$(TARGET_NAME)";
				TEST_HOST = "$(BUILT_PRODUCTS_DIR)/GadaboutiOS.app/GadaboutiOS";
			};
			name = Debug;
		};
		63BA5ED21A7BD895009A212E /* Release */ = {
			isa = XCBuildConfiguration;
			buildSettings = {
				BUNDLE_LOADER = "$(TEST_HOST)";
				FRAMEWORK_SEARCH_PATHS = (
					"$(SDKROOT)/Developer/Library/Frameworks",
					"$(inherited)",
				);
				INFOPLIST_FILE = "GadaboutiOSTests/Supporting Files/Info.plist";
				LD_RUNPATH_SEARCH_PATHS = "$(inherited) @executable_path/Frameworks @loader_path/Frameworks";
				PRODUCT_NAME = "$(TARGET_NAME)";
				TEST_HOST = "$(BUILT_PRODUCTS_DIR)/GadaboutiOS.app/GadaboutiOS";
			};
			name = Release;
		};
/* End XCBuildConfiguration section */

/* Begin XCConfigurationList section */
		63BA5EA51A7BD895009A212E /* Build configuration list for PBXProject "GadaboutiOS" */ = {
			isa = XCConfigurationList;
			buildConfigurations = (
				63BA5ECB1A7BD895009A212E /* Debug */,
				63BA5ECC1A7BD895009A212E /* Release */,
			);
			defaultConfigurationIsVisible = 0;
			defaultConfigurationName = Release;
		};
		63BA5ECD1A7BD895009A212E /* Build configuration list for PBXNativeTarget "GadaboutiOS" */ = {
			isa = XCConfigurationList;
			buildConfigurations = (
				63BA5ECE1A7BD895009A212E /* Debug */,
				63BA5ECF1A7BD895009A212E /* Release */,
			);
			defaultConfigurationIsVisible = 0;
			defaultConfigurationName = Release;
		};
		63BA5ED01A7BD895009A212E /* Build configuration list for PBXNativeTarget "GadaboutiOSTests" */ = {
			isa = XCConfigurationList;
			buildConfigurations = (
				63BA5ED11A7BD895009A212E /* Debug */,
				63BA5ED21A7BD895009A212E /* Release */,
			);
			defaultConfigurationIsVisible = 0;
			defaultConfigurationName = Release;
		};
/* End XCConfigurationList section */
	};
	rootObject = 63BA5EA21A7BD895009A212E /* Project object */;
}
