<?xml version="1.0" encoding="UTF-8"?>
<!DOCTYPE plist PUBLIC "-//Apple//DTD PLIST 1.0//EN" "http://www.apple.com/DTDs/PropertyList-1.0.dtd">
<plist version="1.0">
<dict>
	<key>archiveVersion</key>
	<string>1</string>
	<key>classes</key>
	<dict/>
	<key>objectVersion</key>
	<string>46</string>
	<key>objects</key>
	<dict>
		<key>129DD7605676E266BEE672EF</key>
		<dict>
			<key>children</key>
			<array>
				<string>D3B60062277E2CF1D1993697</string>
				<string>4339D894D1CC6D612DA5E6BB</string>
			</array>
			<key>isa</key>
			<string>PBXGroup</string>
			<key>name</key>
			<string>Pods</string>
			<key>sourceTree</key>
			<string>&lt;group&gt;</string>
		</dict>
		<key>2C0AE7BC9956A43D35FD1C88</key>
		<dict>
			<key>explicitFileType</key>
			<string>archive.ar</string>
			<key>includeInIndex</key>
			<string>0</string>
			<key>isa</key>
			<string>PBXFileReference</string>
			<key>path</key>
			<string>libPods-GadaboutiOS.a</string>
			<key>sourceTree</key>
			<string>BUILT_PRODUCTS_DIR</string>
		</dict>
		<key>4339D894D1CC6D612DA5E6BB</key>
		<dict>
			<key>includeInIndex</key>
			<string>1</string>
			<key>isa</key>
			<string>PBXFileReference</string>
			<key>lastKnownFileType</key>
			<string>text.xcconfig</string>
			<key>name</key>
			<string>Pods-GadaboutiOS.release.xcconfig</string>
			<key>path</key>
			<string>Pods/Target Support Files/Pods-GadaboutiOS/Pods-GadaboutiOS.release.xcconfig</string>
			<key>sourceTree</key>
			<string>&lt;group&gt;</string>
		</dict>
		<key>56D11405C21761CA26F517D4</key>
		<dict>
			<key>children</key>
			<array>
				<string>2C0AE7BC9956A43D35FD1C88</string>
			</array>
			<key>isa</key>
			<string>PBXGroup</string>
			<key>name</key>
			<string>Frameworks</string>
			<key>sourceTree</key>
			<string>&lt;group&gt;</string>
		</dict>
		<key>63BA5EA11A7BD895009A212E</key>
		<dict>
			<key>children</key>
			<array>
				<string>FA1923B51A7BE57A00561568</string>
				<string>63BA5EAC1A7BD895009A212E</string>
				<string>63BA5EC61A7BD895009A212E</string>
				<string>63BA5EAB1A7BD895009A212E</string>
				<string>129DD7605676E266BEE672EF</string>
				<string>56D11405C21761CA26F517D4</string>
			</array>
			<key>isa</key>
			<string>PBXGroup</string>
			<key>sourceTree</key>
			<string>&lt;group&gt;</string>
		</dict>
		<key>63BA5EA21A7BD895009A212E</key>
		<dict>
			<key>attributes</key>
			<dict>
				<key>LastUpgradeCheck</key>
				<string>0610</string>
				<key>ORGANIZATIONNAME</key>
				<string>GadaboutTeam</string>
				<key>TargetAttributes</key>
				<dict>
					<key>63BA5EA91A7BD895009A212E</key>
					<dict>
						<key>CreatedOnToolsVersion</key>
						<string>6.1.1</string>
					</dict>
					<key>63BA5EC21A7BD895009A212E</key>
					<dict>
						<key>CreatedOnToolsVersion</key>
						<string>6.1.1</string>
						<key>TestTargetID</key>
						<string>63BA5EA91A7BD895009A212E</string>
					</dict>
				</dict>
			</dict>
			<key>buildConfigurationList</key>
			<string>63BA5EA51A7BD895009A212E</string>
			<key>compatibilityVersion</key>
			<string>Xcode 3.2</string>
			<key>developmentRegion</key>
			<string>English</string>
			<key>hasScannedForEncodings</key>
			<string>0</string>
			<key>isa</key>
			<string>PBXProject</string>
			<key>knownRegions</key>
			<array>
				<string>en</string>
				<string>Base</string>
			</array>
			<key>mainGroup</key>
			<string>63BA5EA11A7BD895009A212E</string>
			<key>productRefGroup</key>
			<string>63BA5EAB1A7BD895009A212E</string>
			<key>projectDirPath</key>
			<string></string>
			<key>projectReferences</key>
			<array/>
			<key>projectRoot</key>
			<string></string>
			<key>targets</key>
			<array>
				<string>63BA5EA91A7BD895009A212E</string>
				<string>63BA5EC21A7BD895009A212E</string>
			</array>
		</dict>
		<key>63BA5EA51A7BD895009A212E</key>
		<dict>
			<key>buildConfigurations</key>
			<array>
				<string>63BA5ECB1A7BD895009A212E</string>
				<string>63BA5ECC1A7BD895009A212E</string>
			</array>
			<key>defaultConfigurationIsVisible</key>
			<string>0</string>
			<key>defaultConfigurationName</key>
			<string>Release</string>
			<key>isa</key>
			<string>XCConfigurationList</string>
		</dict>
		<key>63BA5EA61A7BD895009A212E</key>
		<dict>
			<key>buildActionMask</key>
			<string>2147483647</string>
			<key>files</key>
			<array>
				<string>FA1923B31A7BE1ED00561568</string>
				<string>63BA5EB61A7BD895009A212E</string>
				<string>63BA5EB31A7BD895009A212E</string>
				<string>63BA5EB01A7BD895009A212E</string>
			</array>
			<key>isa</key>
			<string>PBXSourcesBuildPhase</string>
			<key>runOnlyForDeploymentPostprocessing</key>
			<string>0</string>
		</dict>
		<key>63BA5EA71A7BD895009A212E</key>
		<dict>
			<key>buildActionMask</key>
			<string>2147483647</string>
			<key>files</key>
			<array>
				<string>FA1923B61A7BE57A00561568</string>
				<string>65E2EE0E7104F6A190F93CCC</string>
			</array>
			<key>isa</key>
			<string>PBXFrameworksBuildPhase</string>
			<key>runOnlyForDeploymentPostprocessing</key>
			<string>0</string>
		</dict>
		<key>63BA5EA81A7BD895009A212E</key>
		<dict>
			<key>buildActionMask</key>
			<string>2147483647</string>
			<key>files</key>
			<array>
				<string>63BA5EB91A7BD895009A212E</string>
				<string>63BA5EBE1A7BD895009A212E</string>
				<string>63BA5EBB1A7BD895009A212E</string>
			</array>
			<key>isa</key>
			<string>PBXResourcesBuildPhase</string>
			<key>runOnlyForDeploymentPostprocessing</key>
			<string>0</string>
		</dict>
		<key>63BA5EA91A7BD895009A212E</key>
		<dict>
			<key>buildConfigurationList</key>
			<string>63BA5ECD1A7BD895009A212E</string>
			<key>buildPhases</key>
			<array>
				<string>6C48B3B370E6BF53EFA2F60F</string>
				<string>63BA5EA61A7BD895009A212E</string>
				<string>63BA5EA71A7BD895009A212E</string>
				<string>63BA5EA81A7BD895009A212E</string>
				<string>A06A41E65570AF7C1F77B9E1</string>
			</array>
			<key>buildRules</key>
			<array/>
			<key>dependencies</key>
			<array/>
			<key>isa</key>
			<string>PBXNativeTarget</string>
			<key>name</key>
			<string>GadaboutiOS</string>
			<key>productName</key>
			<string>GadaboutiOS</string>
			<key>productReference</key>
			<string>63BA5EAA1A7BD895009A212E</string>
			<key>productType</key>
			<string>com.apple.product-type.application</string>
		</dict>
		<key>63BA5EAA1A7BD895009A212E</key>
		<dict>
			<key>explicitFileType</key>
			<string>wrapper.application</string>
			<key>includeInIndex</key>
			<string>0</string>
			<key>isa</key>
			<string>PBXFileReference</string>
			<key>path</key>
			<string>GadaboutiOS.app</string>
			<key>sourceTree</key>
			<string>BUILT_PRODUCTS_DIR</string>
		</dict>
		<key>63BA5EAB1A7BD895009A212E</key>
		<dict>
			<key>children</key>
			<array>
				<string>63BA5EAA1A7BD895009A212E</string>
				<string>63BA5EC31A7BD895009A212E</string>
			</array>
			<key>isa</key>
			<string>PBXGroup</string>
			<key>name</key>
			<string>Products</string>
			<key>sourceTree</key>
			<string>&lt;group&gt;</string>
		</dict>
		<key>63BA5EAC1A7BD895009A212E</key>
		<dict>
			<key>children</key>
			<array>
				<string>FA1923AE1A7BE14300561568</string>
				<string>FA1923AC1A7BE13700561568</string>
				<string>FA1923AB1A7BE12C00561568</string>
				<string>63BA5EB11A7BD895009A212E</string>
				<string>63BA5EB21A7BD895009A212E</string>
				<string>63BA5EB71A7BD895009A212E</string>
				<string>63BA5EBA1A7BD895009A212E</string>
				<string>63BA5EBC1A7BD895009A212E</string>
				<string>63BA5EAD1A7BD895009A212E</string>
			</array>
			<key>isa</key>
			<string>PBXGroup</string>
			<key>path</key>
			<string>GadaboutiOS</string>
			<key>sourceTree</key>
			<string>&lt;group&gt;</string>
		</dict>
		<key>63BA5EAD1A7BD895009A212E</key>
		<dict>
			<key>children</key>
			<array>
				<string>63BA5EAE1A7BD895009A212E</string>
				<string>63BA5EAF1A7BD895009A212E</string>
			</array>
			<key>isa</key>
			<string>PBXGroup</string>
			<key>name</key>
			<string>Supporting Files</string>
			<key>sourceTree</key>
			<string>&lt;group&gt;</string>
		</dict>
		<key>63BA5EAE1A7BD895009A212E</key>
		<dict>
			<key>isa</key>
			<string>PBXFileReference</string>
			<key>lastKnownFileType</key>
			<string>text.plist.xml</string>
			<key>path</key>
			<string>Info.plist</string>
			<key>sourceTree</key>
			<string>&lt;group&gt;</string>
		</dict>
		<key>63BA5EAF1A7BD895009A212E</key>
		<dict>
			<key>isa</key>
			<string>PBXFileReference</string>
			<key>lastKnownFileType</key>
			<string>sourcecode.c.objc</string>
			<key>path</key>
			<string>main.m</string>
			<key>sourceTree</key>
			<string>&lt;group&gt;</string>
		</dict>
		<key>63BA5EB01A7BD895009A212E</key>
		<dict>
			<key>fileRef</key>
			<string>63BA5EAF1A7BD895009A212E</string>
			<key>isa</key>
			<string>PBXBuildFile</string>
		</dict>
		<key>63BA5EB11A7BD895009A212E</key>
		<dict>
			<key>isa</key>
			<string>PBXFileReference</string>
			<key>lastKnownFileType</key>
			<string>sourcecode.c.h</string>
			<key>path</key>
			<string>AppDelegate.h</string>
			<key>sourceTree</key>
			<string>&lt;group&gt;</string>
		</dict>
		<key>63BA5EB21A7BD895009A212E</key>
		<dict>
			<key>isa</key>
			<string>PBXFileReference</string>
			<key>lastKnownFileType</key>
			<string>sourcecode.c.objc</string>
			<key>path</key>
			<string>AppDelegate.m</string>
			<key>sourceTree</key>
			<string>&lt;group&gt;</string>
		</dict>
		<key>63BA5EB31A7BD895009A212E</key>
		<dict>
			<key>fileRef</key>
			<string>63BA5EB21A7BD895009A212E</string>
			<key>isa</key>
			<string>PBXBuildFile</string>
		</dict>
		<key>63BA5EB41A7BD895009A212E</key>
		<dict>
			<key>isa</key>
			<string>PBXFileReference</string>
			<key>lastKnownFileType</key>
			<string>sourcecode.c.h</string>
			<key>path</key>
			<string>ViewController.h</string>
			<key>sourceTree</key>
			<string>&lt;group&gt;</string>
		</dict>
		<key>63BA5EB51A7BD895009A212E</key>
		<dict>
			<key>isa</key>
			<string>PBXFileReference</string>
			<key>lastKnownFileType</key>
			<string>sourcecode.c.objc</string>
			<key>path</key>
			<string>ViewController.m</string>
			<key>sourceTree</key>
			<string>&lt;group&gt;</string>
		</dict>
		<key>63BA5EB61A7BD895009A212E</key>
		<dict>
			<key>fileRef</key>
			<string>63BA5EB51A7BD895009A212E</string>
			<key>isa</key>
			<string>PBXBuildFile</string>
		</dict>
		<key>63BA5EB71A7BD895009A212E</key>
		<dict>
			<key>children</key>
			<array>
				<string>63BA5EB81A7BD895009A212E</string>
			</array>
			<key>isa</key>
			<string>PBXVariantGroup</string>
			<key>name</key>
			<string>Main.storyboard</string>
			<key>sourceTree</key>
			<string>&lt;group&gt;</string>
		</dict>
		<key>63BA5EB81A7BD895009A212E</key>
		<dict>
			<key>isa</key>
			<string>PBXFileReference</string>
			<key>lastKnownFileType</key>
			<string>file.storyboard</string>
			<key>name</key>
			<string>Base</string>
			<key>path</key>
			<string>Base.lproj/Main.storyboard</string>
			<key>sourceTree</key>
			<string>&lt;group&gt;</string>
		</dict>
		<key>63BA5EB91A7BD895009A212E</key>
		<dict>
			<key>fileRef</key>
			<string>63BA5EB71A7BD895009A212E</string>
			<key>isa</key>
			<string>PBXBuildFile</string>
		</dict>
		<key>63BA5EBA1A7BD895009A212E</key>
		<dict>
			<key>isa</key>
			<string>PBXFileReference</string>
			<key>lastKnownFileType</key>
			<string>folder.assetcatalog</string>
			<key>path</key>
			<string>Images.xcassets</string>
			<key>sourceTree</key>
			<string>&lt;group&gt;</string>
		</dict>
		<key>63BA5EBB1A7BD895009A212E</key>
		<dict>
			<key>fileRef</key>
			<string>63BA5EBA1A7BD895009A212E</string>
			<key>isa</key>
			<string>PBXBuildFile</string>
		</dict>
		<key>63BA5EBC1A7BD895009A212E</key>
		<dict>
			<key>children</key>
			<array>
				<string>63BA5EBD1A7BD895009A212E</string>
			</array>
			<key>isa</key>
			<string>PBXVariantGroup</string>
			<key>name</key>
			<string>LaunchScreen.xib</string>
			<key>sourceTree</key>
			<string>&lt;group&gt;</string>
		</dict>
		<key>63BA5EBD1A7BD895009A212E</key>
		<dict>
			<key>isa</key>
			<string>PBXFileReference</string>
			<key>lastKnownFileType</key>
			<string>file.xib</string>
			<key>name</key>
			<string>Base</string>
			<key>path</key>
			<string>Base.lproj/LaunchScreen.xib</string>
			<key>sourceTree</key>
			<string>&lt;group&gt;</string>
		</dict>
		<key>63BA5EBE1A7BD895009A212E</key>
		<dict>
			<key>fileRef</key>
			<string>63BA5EBC1A7BD895009A212E</string>
			<key>isa</key>
			<string>PBXBuildFile</string>
		</dict>
		<key>63BA5EBF1A7BD895009A212E</key>
		<dict>
			<key>buildActionMask</key>
			<string>2147483647</string>
			<key>files</key>
			<array>
				<string>63BA5ECA1A7BD895009A212E</string>
			</array>
			<key>isa</key>
			<string>PBXSourcesBuildPhase</string>
			<key>runOnlyForDeploymentPostprocessing</key>
			<string>0</string>
		</dict>
		<key>63BA5EC01A7BD895009A212E</key>
		<dict>
			<key>buildActionMask</key>
			<string>2147483647</string>
			<key>files</key>
			<array/>
			<key>isa</key>
			<string>PBXFrameworksBuildPhase</string>
			<key>runOnlyForDeploymentPostprocessing</key>
			<string>0</string>
		</dict>
		<key>63BA5EC11A7BD895009A212E</key>
		<dict>
			<key>buildActionMask</key>
			<string>2147483647</string>
			<key>files</key>
			<array/>
			<key>isa</key>
			<string>PBXResourcesBuildPhase</string>
			<key>runOnlyForDeploymentPostprocessing</key>
			<string>0</string>
		</dict>
		<key>63BA5EC21A7BD895009A212E</key>
		<dict>
			<key>buildConfigurationList</key>
			<string>63BA5ED01A7BD895009A212E</string>
			<key>buildPhases</key>
			<array>
				<string>63BA5EBF1A7BD895009A212E</string>
				<string>63BA5EC01A7BD895009A212E</string>
				<string>63BA5EC11A7BD895009A212E</string>
			</array>
			<key>buildRules</key>
			<array/>
			<key>dependencies</key>
			<array>
				<string>63BA5EC51A7BD895009A212E</string>
			</array>
			<key>isa</key>
			<string>PBXNativeTarget</string>
			<key>name</key>
			<string>GadaboutiOSTests</string>
			<key>productName</key>
			<string>GadaboutiOSTests</string>
			<key>productReference</key>
			<string>63BA5EC31A7BD895009A212E</string>
			<key>productType</key>
			<string>com.apple.product-type.bundle.unit-test</string>
		</dict>
		<key>63BA5EC31A7BD895009A212E</key>
		<dict>
			<key>explicitFileType</key>
			<string>wrapper.cfbundle</string>
			<key>includeInIndex</key>
			<string>0</string>
			<key>isa</key>
			<string>PBXFileReference</string>
			<key>path</key>
			<string>GadaboutiOSTests.xctest</string>
			<key>sourceTree</key>
			<string>BUILT_PRODUCTS_DIR</string>
		</dict>
		<key>63BA5EC41A7BD895009A212E</key>
		<dict>
			<key>containerPortal</key>
			<string>63BA5EA21A7BD895009A212E</string>
			<key>isa</key>
			<string>PBXContainerItemProxy</string>
			<key>proxyType</key>
			<string>1</string>
			<key>remoteGlobalIDString</key>
			<string>63BA5EA91A7BD895009A212E</string>
			<key>remoteInfo</key>
			<string>GadaboutiOS</string>
		</dict>
		<key>63BA5EC51A7BD895009A212E</key>
		<dict>
			<key>isa</key>
			<string>PBXTargetDependency</string>
			<key>target</key>
			<string>63BA5EA91A7BD895009A212E</string>
			<key>targetProxy</key>
			<string>63BA5EC41A7BD895009A212E</string>
		</dict>
		<key>63BA5EC61A7BD895009A212E</key>
		<dict>
			<key>children</key>
			<array>
				<string>63BA5EC91A7BD895009A212E</string>
				<string>63BA5EC71A7BD895009A212E</string>
			</array>
			<key>isa</key>
			<string>PBXGroup</string>
			<key>path</key>
			<string>GadaboutiOSTests</string>
			<key>sourceTree</key>
			<string>&lt;group&gt;</string>
		</dict>
		<key>63BA5EC71A7BD895009A212E</key>
		<dict>
			<key>children</key>
			<array>
				<string>63BA5EC81A7BD895009A212E</string>
			</array>
			<key>isa</key>
			<string>PBXGroup</string>
			<key>name</key>
			<string>Supporting Files</string>
			<key>sourceTree</key>
			<string>&lt;group&gt;</string>
		</dict>
		<key>63BA5EC81A7BD895009A212E</key>
		<dict>
			<key>isa</key>
			<string>PBXFileReference</string>
			<key>lastKnownFileType</key>
			<string>text.plist.xml</string>
			<key>path</key>
			<string>Info.plist</string>
			<key>sourceTree</key>
			<string>&lt;group&gt;</string>
		</dict>
		<key>63BA5EC91A7BD895009A212E</key>
		<dict>
			<key>isa</key>
			<string>PBXFileReference</string>
			<key>lastKnownFileType</key>
			<string>sourcecode.c.objc</string>
			<key>path</key>
			<string>GadaboutiOSTests.m</string>
			<key>sourceTree</key>
			<string>&lt;group&gt;</string>
		</dict>
		<key>63BA5ECA1A7BD895009A212E</key>
		<dict>
			<key>fileRef</key>
			<string>63BA5EC91A7BD895009A212E</string>
			<key>isa</key>
			<string>PBXBuildFile</string>
		</dict>
		<key>63BA5ECB1A7BD895009A212E</key>
		<dict>
			<key>buildSettings</key>
			<dict>
				<key>ALWAYS_SEARCH_USER_PATHS</key>
				<string>NO</string>
				<key>CLANG_CXX_LANGUAGE_STANDARD</key>
				<string>gnu++0x</string>
				<key>CLANG_CXX_LIBRARY</key>
				<string>libc++</string>
				<key>CLANG_ENABLE_MODULES</key>
				<string>YES</string>
				<key>CLANG_ENABLE_OBJC_ARC</key>
				<string>YES</string>
				<key>CLANG_WARN_BOOL_CONVERSION</key>
				<string>YES</string>
				<key>CLANG_WARN_CONSTANT_CONVERSION</key>
				<string>YES</string>
				<key>CLANG_WARN_DIRECT_OBJC_ISA_USAGE</key>
				<string>YES_ERROR</string>
				<key>CLANG_WARN_EMPTY_BODY</key>
				<string>YES</string>
				<key>CLANG_WARN_ENUM_CONVERSION</key>
				<string>YES</string>
				<key>CLANG_WARN_INT_CONVERSION</key>
				<string>YES</string>
				<key>CLANG_WARN_OBJC_ROOT_CLASS</key>
				<string>YES_ERROR</string>
				<key>CLANG_WARN_UNREACHABLE_CODE</key>
				<string>YES</string>
				<key>CLANG_WARN__DUPLICATE_METHOD_MATCH</key>
				<string>YES</string>
				<key>CODE_SIGN_IDENTITY[sdk=iphoneos*]</key>
				<string>iPhone Developer</string>
				<key>COPY_PHASE_STRIP</key>
				<string>NO</string>
				<key>ENABLE_STRICT_OBJC_MSGSEND</key>
				<string>YES</string>
				<key>GCC_C_LANGUAGE_STANDARD</key>
				<string>gnu99</string>
				<key>GCC_DYNAMIC_NO_PIC</key>
				<string>NO</string>
				<key>GCC_OPTIMIZATION_LEVEL</key>
				<string>0</string>
				<key>GCC_PREPROCESSOR_DEFINITIONS</key>
				<array>
					<string>DEBUG=1</string>
					<string>$(inherited)</string>
				</array>
				<key>GCC_SYMBOLS_PRIVATE_EXTERN</key>
				<string>NO</string>
				<key>GCC_WARN_64_TO_32_BIT_CONVERSION</key>
				<string>YES</string>
				<key>GCC_WARN_ABOUT_RETURN_TYPE</key>
				<string>YES_ERROR</string>
				<key>GCC_WARN_UNDECLARED_SELECTOR</key>
				<string>YES</string>
				<key>GCC_WARN_UNINITIALIZED_AUTOS</key>
				<string>YES_AGGRESSIVE</string>
				<key>GCC_WARN_UNUSED_FUNCTION</key>
				<string>YES</string>
				<key>GCC_WARN_UNUSED_VARIABLE</key>
				<string>YES</string>
				<key>IPHONEOS_DEPLOYMENT_TARGET</key>
				<string>8.1</string>
				<key>MTL_ENABLE_DEBUG_INFO</key>
				<string>YES</string>
				<key>ONLY_ACTIVE_ARCH</key>
				<string>YES</string>
				<key>SDKROOT</key>
				<string>iphoneos</string>
			</dict>
			<key>isa</key>
			<string>XCBuildConfiguration</string>
			<key>name</key>
			<string>Debug</string>
		</dict>
		<key>63BA5ECC1A7BD895009A212E</key>
		<dict>
			<key>buildSettings</key>
			<dict>
				<key>ALWAYS_SEARCH_USER_PATHS</key>
				<string>NO</string>
				<key>CLANG_CXX_LANGUAGE_STANDARD</key>
				<string>gnu++0x</string>
				<key>CLANG_CXX_LIBRARY</key>
				<string>libc++</string>
				<key>CLANG_ENABLE_MODULES</key>
				<string>YES</string>
				<key>CLANG_ENABLE_OBJC_ARC</key>
				<string>YES</string>
				<key>CLANG_WARN_BOOL_CONVERSION</key>
				<string>YES</string>
				<key>CLANG_WARN_CONSTANT_CONVERSION</key>
				<string>YES</string>
				<key>CLANG_WARN_DIRECT_OBJC_ISA_USAGE</key>
				<string>YES_ERROR</string>
				<key>CLANG_WARN_EMPTY_BODY</key>
				<string>YES</string>
				<key>CLANG_WARN_ENUM_CONVERSION</key>
				<string>YES</string>
				<key>CLANG_WARN_INT_CONVERSION</key>
				<string>YES</string>
				<key>CLANG_WARN_OBJC_ROOT_CLASS</key>
				<string>YES_ERROR</string>
				<key>CLANG_WARN_UNREACHABLE_CODE</key>
				<string>YES</string>
				<key>CLANG_WARN__DUPLICATE_METHOD_MATCH</key>
				<string>YES</string>
				<key>CODE_SIGN_IDENTITY[sdk=iphoneos*]</key>
				<string>iPhone Developer</string>
				<key>COPY_PHASE_STRIP</key>
				<string>YES</string>
				<key>ENABLE_NS_ASSERTIONS</key>
				<string>NO</string>
				<key>ENABLE_STRICT_OBJC_MSGSEND</key>
				<string>YES</string>
				<key>GCC_C_LANGUAGE_STANDARD</key>
				<string>gnu99</string>
				<key>GCC_WARN_64_TO_32_BIT_CONVERSION</key>
				<string>YES</string>
				<key>GCC_WARN_ABOUT_RETURN_TYPE</key>
				<string>YES_ERROR</string>
				<key>GCC_WARN_UNDECLARED_SELECTOR</key>
				<string>YES</string>
				<key>GCC_WARN_UNINITIALIZED_AUTOS</key>
				<string>YES_AGGRESSIVE</string>
				<key>GCC_WARN_UNUSED_FUNCTION</key>
				<string>YES</string>
				<key>GCC_WARN_UNUSED_VARIABLE</key>
				<string>YES</string>
				<key>IPHONEOS_DEPLOYMENT_TARGET</key>
				<string>8.1</string>
				<key>MTL_ENABLE_DEBUG_INFO</key>
				<string>NO</string>
				<key>SDKROOT</key>
				<string>iphoneos</string>
				<key>VALIDATE_PRODUCT</key>
				<string>YES</string>
			</dict>
			<key>isa</key>
			<string>XCBuildConfiguration</string>
			<key>name</key>
			<string>Release</string>
		</dict>
		<key>63BA5ECD1A7BD895009A212E</key>
		<dict>
			<key>buildConfigurations</key>
			<array>
				<string>63BA5ECE1A7BD895009A212E</string>
				<string>63BA5ECF1A7BD895009A212E</string>
			</array>
			<key>defaultConfigurationIsVisible</key>
			<string>0</string>
			<key>defaultConfigurationName</key>
			<string>Release</string>
			<key>isa</key>
			<string>XCConfigurationList</string>
		</dict>
		<key>63BA5ECE1A7BD895009A212E</key>
		<dict>
			<key>baseConfigurationReference</key>
			<string>D3B60062277E2CF1D1993697</string>
			<key>buildSettings</key>
			<dict>
				<key>ASSETCATALOG_COMPILER_APPICON_NAME</key>
				<string>AppIcon</string>
				<key>INFOPLIST_FILE</key>
				<string>GadaboutiOS/Info.plist</string>
				<key>LD_RUNPATH_SEARCH_PATHS</key>
				<string>$(inherited) @executable_path/Frameworks</string>
				<key>PRODUCT_NAME</key>
				<string>$(TARGET_NAME)</string>
			</dict>
			<key>isa</key>
			<string>XCBuildConfiguration</string>
			<key>name</key>
			<string>Debug</string>
		</dict>
		<key>63BA5ECF1A7BD895009A212E</key>
		<dict>
			<key>baseConfigurationReference</key>
			<string>4339D894D1CC6D612DA5E6BB</string>
			<key>buildSettings</key>
			<dict>
				<key>ASSETCATALOG_COMPILER_APPICON_NAME</key>
				<string>AppIcon</string>
				<key>INFOPLIST_FILE</key>
				<string>GadaboutiOS/Info.plist</string>
				<key>LD_RUNPATH_SEARCH_PATHS</key>
				<string>$(inherited) @executable_path/Frameworks</string>
				<key>PRODUCT_NAME</key>
				<string>$(TARGET_NAME)</string>
			</dict>
			<key>isa</key>
			<string>XCBuildConfiguration</string>
			<key>name</key>
			<string>Release</string>
		</dict>
		<key>63BA5ED01A7BD895009A212E</key>
		<dict>
			<key>buildConfigurations</key>
			<array>
				<string>63BA5ED11A7BD895009A212E</string>
				<string>63BA5ED21A7BD895009A212E</string>
			</array>
			<key>defaultConfigurationIsVisible</key>
			<string>0</string>
			<key>defaultConfigurationName</key>
			<string>Release</string>
			<key>isa</key>
			<string>XCConfigurationList</string>
		</dict>
		<key>63BA5ED11A7BD895009A212E</key>
		<dict>
			<key>buildSettings</key>
			<dict>
				<key>BUNDLE_LOADER</key>
				<string>$(TEST_HOST)</string>
				<key>FRAMEWORK_SEARCH_PATHS</key>
				<array>
					<string>$(SDKROOT)/Developer/Library/Frameworks</string>
					<string>$(inherited)</string>
				</array>
				<key>GCC_PREPROCESSOR_DEFINITIONS</key>
				<array>
					<string>DEBUG=1</string>
					<string>$(inherited)</string>
				</array>
				<key>INFOPLIST_FILE</key>
				<string>GadaboutiOSTests/Info.plist</string>
				<key>LD_RUNPATH_SEARCH_PATHS</key>
				<string>$(inherited) @executable_path/Frameworks @loader_path/Frameworks</string>
				<key>PRODUCT_NAME</key>
				<string>$(TARGET_NAME)</string>
				<key>TEST_HOST</key>
				<string>$(BUILT_PRODUCTS_DIR)/GadaboutiOS.app/GadaboutiOS</string>
			</dict>
			<key>isa</key>
			<string>XCBuildConfiguration</string>
			<key>name</key>
			<string>Debug</string>
		</dict>
		<key>63BA5ED21A7BD895009A212E</key>
		<dict>
			<key>buildSettings</key>
			<dict>
				<key>BUNDLE_LOADER</key>
				<string>$(TEST_HOST)</string>
				<key>FRAMEWORK_SEARCH_PATHS</key>
				<array>
					<string>$(SDKROOT)/Developer/Library/Frameworks</string>
					<string>$(inherited)</string>
				</array>
				<key>INFOPLIST_FILE</key>
				<string>GadaboutiOSTests/Info.plist</string>
				<key>LD_RUNPATH_SEARCH_PATHS</key>
				<string>$(inherited) @executable_path/Frameworks @loader_path/Frameworks</string>
				<key>PRODUCT_NAME</key>
				<string>$(TARGET_NAME)</string>
				<key>TEST_HOST</key>
				<string>$(BUILT_PRODUCTS_DIR)/GadaboutiOS.app/GadaboutiOS</string>
			</dict>
			<key>isa</key>
			<string>XCBuildConfiguration</string>
			<key>name</key>
			<string>Release</string>
		</dict>
		<key>65E2EE0E7104F6A190F93CCC</key>
		<dict>
			<key>fileRef</key>
			<string>2C0AE7BC9956A43D35FD1C88</string>
			<key>isa</key>
			<string>PBXBuildFile</string>
		</dict>
		<key>6C48B3B370E6BF53EFA2F60F</key>
		<dict>
			<key>buildActionMask</key>
			<string>2147483647</string>
			<key>files</key>
			<array/>
			<key>inputPaths</key>
			<array/>
			<key>isa</key>
			<string>PBXShellScriptBuildPhase</string>
			<key>name</key>
			<string>Check Pods Manifest.lock</string>
			<key>outputPaths</key>
			<array/>
			<key>runOnlyForDeploymentPostprocessing</key>
			<string>0</string>
			<key>shellPath</key>
			<string>/bin/sh</string>
			<key>shellScript</key>
			<string>diff "${PODS_ROOT}/../Podfile.lock" "${PODS_ROOT}/Manifest.lock" &gt; /dev/null
if [[ $? != 0 ]] ; then
    cat &lt;&lt; EOM
error: The sandbox is not in sync with the Podfile.lock. Run 'pod install' or update your CocoaPods installation.
EOM
    exit 1
fi
</string>
			<key>showEnvVarsInLog</key>
			<string>0</string>
		</dict>
		<key>A06A41E65570AF7C1F77B9E1</key>
		<dict>
			<key>buildActionMask</key>
			<string>2147483647</string>
			<key>files</key>
			<array/>
			<key>inputPaths</key>
			<array/>
			<key>isa</key>
			<string>PBXShellScriptBuildPhase</string>
			<key>name</key>
			<string>Copy Pods Resources</string>
			<key>outputPaths</key>
			<array/>
			<key>runOnlyForDeploymentPostprocessing</key>
			<string>0</string>
			<key>shellPath</key>
			<string>/bin/sh</string>
			<key>shellScript</key>
			<string>"${SRCROOT}/Pods/Target Support Files/Pods-GadaboutiOS/Pods-GadaboutiOS-resources.sh"
</string>
			<key>showEnvVarsInLog</key>
			<string>0</string>
		</dict>
		<key>D3B60062277E2CF1D1993697</key>
		<dict>
			<key>includeInIndex</key>
			<string>1</string>
			<key>isa</key>
			<string>PBXFileReference</string>
			<key>lastKnownFileType</key>
			<string>text.xcconfig</string>
			<key>name</key>
			<string>Pods-GadaboutiOS.debug.xcconfig</string>
			<key>path</key>
			<string>Pods/Target Support Files/Pods-GadaboutiOS/Pods-GadaboutiOS.debug.xcconfig</string>
			<key>sourceTree</key>
			<string>&lt;group&gt;</string>
		</dict>
		<key>FA1923AB1A7BE12C00561568</key>
		<dict>
			<key>children</key>
			<array>
				<string>63BA5EB41A7BD895009A212E</string>
				<string>63BA5EB51A7BD895009A212E</string>
				<string>FA1923B41A7BE20800561568</string>
				<string>FA1923B21A7BE1ED00561568</string>
			</array>
			<key>isa</key>
			<string>PBXGroup</string>
			<key>name</key>
			<string>Controllers</string>
			<key>sourceTree</key>
			<string>&lt;group&gt;</string>
		</dict>
		<key>FA1923AC1A7BE13700561568</key>
		<dict>
			<key>children</key>
			<array/>
			<key>isa</key>
			<string>PBXGroup</string>
			<key>name</key>
			<string>Model</string>
			<key>sourceTree</key>
			<string>&lt;group&gt;</string>
		</dict>
		<key>FA1923AE1A7BE14300561568</key>
		<dict>
			<key>children</key>
			<array/>
			<key>isa</key>
			<string>PBXGroup</string>
			<key>name</key>
			<string>View</string>
			<key>sourceTree</key>
			<string>&lt;group&gt;</string>
		</dict>
		<key>FA1923B21A7BE1ED00561568</key>
		<dict>
			<key>fileEncoding</key>
			<string>4</string>
			<key>isa</key>
			<string>PBXFileReference</string>
			<key>lastKnownFileType</key>
			<string>sourcecode.c.objc</string>
			<key>path</key>
			<string>LocationController.m</string>
			<key>sourceTree</key>
			<string>&lt;group&gt;</string>
		</dict>
		<key>FA1923B31A7BE1ED00561568</key>
		<dict>
			<key>fileRef</key>
			<string>FA1923B21A7BE1ED00561568</string>
			<key>isa</key>
			<string>PBXBuildFile</string>
		</dict>
		<key>FA1923B41A7BE20800561568</key>
		<dict>
			<key>fileEncoding</key>
			<string>4</string>
			<key>isa</key>
			<string>PBXFileReference</string>
			<key>lastKnownFileType</key>
			<string>sourcecode.c.h</string>
			<key>path</key>
			<string>LocationController.h</string>
			<key>sourceTree</key>
			<string>&lt;group&gt;</string>
		</dict>
		<key>FA1923B51A7BE57A00561568</key>
		<dict>
			<key>isa</key>
			<string>PBXFileReference</string>
			<key>lastKnownFileType</key>
			<string>wrapper.framework</string>
			<key>name</key>
			<string>CoreLocation.framework</string>
			<key>path</key>
			<string>System/Library/Frameworks/CoreLocation.framework</string>
			<key>sourceTree</key>
			<string>SDKROOT</string>
		</dict>
		<key>FA1923B61A7BE57A00561568</key>
		<dict>
			<key>fileRef</key>
			<string>FA1923B51A7BE57A00561568</string>
			<key>isa</key>
			<string>PBXBuildFile</string>
		</dict>
	</dict>
	<key>rootObject</key>
	<string>63BA5EA21A7BD895009A212E</string>
</dict>
</plist>
// !$*UTF8*$!
{
	archiveVersion = 1;
	classes = {
	};
	objectVersion = 46;
	objects = {

/* Begin PBXBuildFile section */
		58BF25DD2611AA4E0A5CB560 /* libPods-GadaboutiOS.a in Frameworks */ = {isa = PBXBuildFile; fileRef = BB10657CD108D8915B2AE6AF /* libPods-GadaboutiOS.a */; };
		63778E0B1A7F214A00B68D48 /* Person.m in Sources */ = {isa = PBXBuildFile; fileRef = 63778E0A1A7F214A00B68D48 /* Person.m */; };
		63778E0E1A7F224700B68D48 /* Invitation.m in Sources */ = {isa = PBXBuildFile; fileRef = 63778E0D1A7F224700B68D48 /* Invitation.m */; };
		63778E111A80121F00B68D48 /* CollectionViewController.m in Sources */ = {isa = PBXBuildFile; fileRef = 63778E101A80121F00B68D48 /* CollectionViewController.m */; };
		63778E171A80317C00B68D48 /* AuthViewController.m in Sources */ = {isa = PBXBuildFile; fileRef = 63778E161A80317C00B68D48 /* AuthViewController.m */; };
		63BA5EB01A7BD895009A212E /* main.m in Sources */ = {isa = PBXBuildFile; fileRef = 63BA5EAF1A7BD895009A212E /* main.m */; };
		63BA5EB31A7BD895009A212E /* AppDelegate.m in Sources */ = {isa = PBXBuildFile; fileRef = 63BA5EB21A7BD895009A212E /* AppDelegate.m */; };
		63BA5EB91A7BD895009A212E /* Main.storyboard in Resources */ = {isa = PBXBuildFile; fileRef = 63BA5EB71A7BD895009A212E /* Main.storyboard */; };
		63BA5EBB1A7BD895009A212E /* Images.xcassets in Resources */ = {isa = PBXBuildFile; fileRef = 63BA5EBA1A7BD895009A212E /* Images.xcassets */; };
		63BA5EBE1A7BD895009A212E /* LaunchScreen.xib in Resources */ = {isa = PBXBuildFile; fileRef = 63BA5EBC1A7BD895009A212E /* LaunchScreen.xib */; };
		63BA5ECA1A7BD895009A212E /* GadaboutiOSTests.m in Sources */ = {isa = PBXBuildFile; fileRef = 63BA5EC91A7BD895009A212E /* GadaboutiOSTests.m */; };
		FA1923B31A7BE1ED00561568 /* LocationController.m in Sources */ = {isa = PBXBuildFile; fileRef = FA1923B21A7BE1ED00561568 /* LocationController.m */; };
		FA1923B61A7BE57A00561568 /* CoreLocation.framework in Frameworks */ = {isa = PBXBuildFile; fileRef = FA1923B51A7BE57A00561568 /* CoreLocation.framework */; };
/* End PBXBuildFile section */

/* Begin PBXContainerItemProxy section */
		63BA5EC41A7BD895009A212E /* PBXContainerItemProxy */ = {
			isa = PBXContainerItemProxy;
			containerPortal = 63BA5EA21A7BD895009A212E /* Project object */;
			proxyType = 1;
			remoteGlobalIDString = 63BA5EA91A7BD895009A212E;
			remoteInfo = GadaboutiOS;
		};
/* End PBXContainerItemProxy section */

/* Begin PBXFileReference section */
		63778E091A7F214A00B68D48 /* Person.h */ = {isa = PBXFileReference; fileEncoding = 4; lastKnownFileType = sourcecode.c.h; name = Person.h; path = Model/Person.h; sourceTree = "<group>"; };
		63778E0A1A7F214A00B68D48 /* Person.m */ = {isa = PBXFileReference; fileEncoding = 4; lastKnownFileType = sourcecode.c.objc; name = Person.m; path = Model/Person.m; sourceTree = "<group>"; };
		63778E0C1A7F224700B68D48 /* Invitation.h */ = {isa = PBXFileReference; fileEncoding = 4; lastKnownFileType = sourcecode.c.h; name = Invitation.h; path = Model/Invitation.h; sourceTree = "<group>"; };
		63778E0D1A7F224700B68D48 /* Invitation.m */ = {isa = PBXFileReference; fileEncoding = 4; lastKnownFileType = sourcecode.c.objc; name = Invitation.m; path = Model/Invitation.m; sourceTree = "<group>"; };
		63778E0F1A80121F00B68D48 /* CollectionViewController.h */ = {isa = PBXFileReference; fileEncoding = 4; lastKnownFileType = sourcecode.c.h; path = CollectionViewController.h; sourceTree = "<group>"; };
		63778E101A80121F00B68D48 /* CollectionViewController.m */ = {isa = PBXFileReference; fileEncoding = 4; lastKnownFileType = sourcecode.c.objc; path = CollectionViewController.m; sourceTree = "<group>"; };
		63778E151A80317C00B68D48 /* AuthViewController.h */ = {isa = PBXFileReference; fileEncoding = 4; lastKnownFileType = sourcecode.c.h; path = AuthViewController.h; sourceTree = "<group>"; };
		63778E161A80317C00B68D48 /* AuthViewController.m */ = {isa = PBXFileReference; fileEncoding = 4; lastKnownFileType = sourcecode.c.objc; path = AuthViewController.m; sourceTree = "<group>"; };
		63BA5EAA1A7BD895009A212E /* GadaboutiOS.app */ = {isa = PBXFileReference; explicitFileType = wrapper.application; includeInIndex = 0; path = GadaboutiOS.app; sourceTree = BUILT_PRODUCTS_DIR; };
		63BA5EAE1A7BD895009A212E /* Info.plist */ = {isa = PBXFileReference; lastKnownFileType = text.plist.xml; path = Info.plist; sourceTree = "<group>"; };
		63BA5EAF1A7BD895009A212E /* main.m */ = {isa = PBXFileReference; lastKnownFileType = sourcecode.c.objc; path = main.m; sourceTree = "<group>"; };
		63BA5EB11A7BD895009A212E /* AppDelegate.h */ = {isa = PBXFileReference; lastKnownFileType = sourcecode.c.h; path = AppDelegate.h; sourceTree = "<group>"; };
		63BA5EB21A7BD895009A212E /* AppDelegate.m */ = {isa = PBXFileReference; lastKnownFileType = sourcecode.c.objc; path = AppDelegate.m; sourceTree = "<group>"; };
		63BA5EB81A7BD895009A212E /* Base */ = {isa = PBXFileReference; lastKnownFileType = file.storyboard; name = Base; path = Base.lproj/Main.storyboard; sourceTree = "<group>"; };
		63BA5EBA1A7BD895009A212E /* Images.xcassets */ = {isa = PBXFileReference; lastKnownFileType = folder.assetcatalog; path = Images.xcassets; sourceTree = "<group>"; };
		63BA5EBD1A7BD895009A212E /* Base */ = {isa = PBXFileReference; lastKnownFileType = file.xib; name = Base; path = Base.lproj/LaunchScreen.xib; sourceTree = "<group>"; };
		63BA5EC31A7BD895009A212E /* GadaboutiOSTests.xctest */ = {isa = PBXFileReference; explicitFileType = wrapper.cfbundle; includeInIndex = 0; path = GadaboutiOSTests.xctest; sourceTree = BUILT_PRODUCTS_DIR; };
		63BA5EC81A7BD895009A212E /* Info.plist */ = {isa = PBXFileReference; lastKnownFileType = text.plist.xml; path = Info.plist; sourceTree = "<group>"; };
		63BA5EC91A7BD895009A212E /* GadaboutiOSTests.m */ = {isa = PBXFileReference; lastKnownFileType = sourcecode.c.objc; path = GadaboutiOSTests.m; sourceTree = "<group>"; };
		7FA473F32C8A75C989156375 /* Pods-GadaboutiOS.debug.xcconfig */ = {isa = PBXFileReference; includeInIndex = 1; lastKnownFileType = text.xcconfig; name = "Pods-GadaboutiOS.debug.xcconfig"; path = "Pods/Target Support Files/Pods-GadaboutiOS/Pods-GadaboutiOS.debug.xcconfig"; sourceTree = "<group>"; };
		BB10657CD108D8915B2AE6AF /* libPods-GadaboutiOS.a */ = {isa = PBXFileReference; explicitFileType = archive.ar; includeInIndex = 0; path = "libPods-GadaboutiOS.a"; sourceTree = BUILT_PRODUCTS_DIR; };
		EB2E5C5BE4A0B2E6D3546FF5 /* Pods-GadaboutiOS.release.xcconfig */ = {isa = PBXFileReference; includeInIndex = 1; lastKnownFileType = text.xcconfig; name = "Pods-GadaboutiOS.release.xcconfig"; path = "Pods/Target Support Files/Pods-GadaboutiOS/Pods-GadaboutiOS.release.xcconfig"; sourceTree = "<group>"; };
		FA1923B21A7BE1ED00561568 /* LocationController.m */ = {isa = PBXFileReference; fileEncoding = 4; lastKnownFileType = sourcecode.c.objc; path = LocationController.m; sourceTree = "<group>"; };
		FA1923B41A7BE20800561568 /* LocationController.h */ = {isa = PBXFileReference; fileEncoding = 4; lastKnownFileType = sourcecode.c.h; path = LocationController.h; sourceTree = "<group>"; };
		FA1923B51A7BE57A00561568 /* CoreLocation.framework */ = {isa = PBXFileReference; lastKnownFileType = wrapper.framework; name = CoreLocation.framework; path = System/Library/Frameworks/CoreLocation.framework; sourceTree = SDKROOT; };
/* End PBXFileReference section */

/* Begin PBXFrameworksBuildPhase section */
		63BA5EA71A7BD895009A212E /* Frameworks */ = {
			isa = PBXFrameworksBuildPhase;
			buildActionMask = 2147483647;
			files = (
				FA1923B61A7BE57A00561568 /* CoreLocation.framework in Frameworks */,
				58BF25DD2611AA4E0A5CB560 /* libPods-GadaboutiOS.a in Frameworks */,
			);
			runOnlyForDeploymentPostprocessing = 0;
		};
		63BA5EC01A7BD895009A212E /* Frameworks */ = {
			isa = PBXFrameworksBuildPhase;
			buildActionMask = 2147483647;
			files = (
			);
			runOnlyForDeploymentPostprocessing = 0;
		};
/* End PBXFrameworksBuildPhase section */

/* Begin PBXGroup section */
		457B654A03EF89905EAF8068 /* Frameworks */ = {
			isa = PBXGroup;
			children = (
				BB10657CD108D8915B2AE6AF /* libPods-GadaboutiOS.a */,
			);
			name = Frameworks;
			sourceTree = "<group>";
		};
		63BA5EA11A7BD895009A212E = {
			isa = PBXGroup;
			children = (
				FA1923B51A7BE57A00561568 /* CoreLocation.framework */,
				63BA5EAC1A7BD895009A212E /* GadaboutiOS */,
				63BA5EC61A7BD895009A212E /* GadaboutiOSTests */,
				63BA5EAB1A7BD895009A212E /* Products */,
				EB0DC7D23AAEF8E71B7E6718 /* Pods */,
				457B654A03EF89905EAF8068 /* Frameworks */,
			);
			sourceTree = "<group>";
		};
		63BA5EAB1A7BD895009A212E /* Products */ = {
			isa = PBXGroup;
			children = (
				63BA5EAA1A7BD895009A212E /* GadaboutiOS.app */,
				63BA5EC31A7BD895009A212E /* GadaboutiOSTests.xctest */,
			);
			name = Products;
			sourceTree = "<group>";
		};
		63BA5EAC1A7BD895009A212E /* GadaboutiOS */ = {
			isa = PBXGroup;
			children = (
				FA1923AE1A7BE14300561568 /* View */,
				FA1923AC1A7BE13700561568 /* Model */,
				FA1923AB1A7BE12C00561568 /* Controllers */,
				63BA5EB11A7BD895009A212E /* AppDelegate.h */,
				63BA5EB21A7BD895009A212E /* AppDelegate.m */,
				63BA5EB71A7BD895009A212E /* Main.storyboard */,
				63BA5EBA1A7BD895009A212E /* Images.xcassets */,
				63BA5EBC1A7BD895009A212E /* LaunchScreen.xib */,
				63BA5EAD1A7BD895009A212E /* Supporting Files */,
			);
			path = GadaboutiOS;
			sourceTree = "<group>";
		};
		63BA5EAD1A7BD895009A212E /* Supporting Files */ = {
			isa = PBXGroup;
			children = (
				63BA5EAE1A7BD895009A212E /* Info.plist */,
				63BA5EAF1A7BD895009A212E /* main.m */,
			);
			name = "Supporting Files";
			sourceTree = "<group>";
		};
		63BA5EC61A7BD895009A212E /* GadaboutiOSTests */ = {
			isa = PBXGroup;
			children = (
				63BA5EC91A7BD895009A212E /* GadaboutiOSTests.m */,
				63BA5EC71A7BD895009A212E /* Supporting Files */,
			);
			path = GadaboutiOSTests;
			sourceTree = "<group>";
		};
		63BA5EC71A7BD895009A212E /* Supporting Files */ = {
			isa = PBXGroup;
			children = (
				63BA5EC81A7BD895009A212E /* Info.plist */,
			);
			name = "Supporting Files";
			sourceTree = "<group>";
		};
		EB0DC7D23AAEF8E71B7E6718 /* Pods */ = {
			isa = PBXGroup;
			children = (
				7FA473F32C8A75C989156375 /* Pods-GadaboutiOS.debug.xcconfig */,
				EB2E5C5BE4A0B2E6D3546FF5 /* Pods-GadaboutiOS.release.xcconfig */,
			);
			name = Pods;
			sourceTree = "<group>";
		};
		FA1923AB1A7BE12C00561568 /* Controllers */ = {
			isa = PBXGroup;
			children = (
				63778E151A80317C00B68D48 /* AuthViewController.h */,
				63778E161A80317C00B68D48 /* AuthViewController.m */,
				63778E0F1A80121F00B68D48 /* CollectionViewController.h */,
				63778E101A80121F00B68D48 /* CollectionViewController.m */,
				FA1923B41A7BE20800561568 /* LocationController.h */,
				FA1923B21A7BE1ED00561568 /* LocationController.m */,
			);
			name = Controllers;
			sourceTree = "<group>";
		};
		FA1923AC1A7BE13700561568 /* Model */ = {
			isa = PBXGroup;
			children = (
				63778E091A7F214A00B68D48 /* Person.h */,
				63778E0A1A7F214A00B68D48 /* Person.m */,
				63778E0C1A7F224700B68D48 /* Invitation.h */,
				63778E0D1A7F224700B68D48 /* Invitation.m */,
			);
			name = Model;
			sourceTree = "<group>";
		};
		FA1923AE1A7BE14300561568 /* View */ = {
			isa = PBXGroup;
			children = (
			);
			name = View;
			sourceTree = "<group>";
		};
/* End PBXGroup section */

/* Begin PBXNativeTarget section */
		63BA5EA91A7BD895009A212E /* GadaboutiOS */ = {
			isa = PBXNativeTarget;
			buildConfigurationList = 63BA5ECD1A7BD895009A212E /* Build configuration list for PBXNativeTarget "GadaboutiOS" */;
			buildPhases = (
				99C2A97F8389804EE67071D4 /* Check Pods Manifest.lock */,
				63BA5EA61A7BD895009A212E /* Sources */,
				63BA5EA71A7BD895009A212E /* Frameworks */,
				63BA5EA81A7BD895009A212E /* Resources */,
				DB9B69693654F0224E3DE0D5 /* Copy Pods Resources */,
			);
			buildRules = (
			);
			dependencies = (
			);
			name = GadaboutiOS;
			productName = GadaboutiOS;
			productReference = 63BA5EAA1A7BD895009A212E /* GadaboutiOS.app */;
			productType = "com.apple.product-type.application";
		};
		63BA5EC21A7BD895009A212E /* GadaboutiOSTests */ = {
			isa = PBXNativeTarget;
			buildConfigurationList = 63BA5ED01A7BD895009A212E /* Build configuration list for PBXNativeTarget "GadaboutiOSTests" */;
			buildPhases = (
				63BA5EBF1A7BD895009A212E /* Sources */,
				63BA5EC01A7BD895009A212E /* Frameworks */,
				63BA5EC11A7BD895009A212E /* Resources */,
			);
			buildRules = (
			);
			dependencies = (
				63BA5EC51A7BD895009A212E /* PBXTargetDependency */,
			);
			name = GadaboutiOSTests;
			productName = GadaboutiOSTests;
			productReference = 63BA5EC31A7BD895009A212E /* GadaboutiOSTests.xctest */;
			productType = "com.apple.product-type.bundle.unit-test";
		};
/* End PBXNativeTarget section */

/* Begin PBXProject section */
		63BA5EA21A7BD895009A212E /* Project object */ = {
			isa = PBXProject;
			attributes = {
				LastUpgradeCheck = 0610;
				ORGANIZATIONNAME = GadaboutTeam;
				TargetAttributes = {
					63BA5EA91A7BD895009A212E = {
						CreatedOnToolsVersion = 6.1.1;
					};
					63BA5EC21A7BD895009A212E = {
						CreatedOnToolsVersion = 6.1.1;
						TestTargetID = 63BA5EA91A7BD895009A212E;
					};
				};
			};
			buildConfigurationList = 63BA5EA51A7BD895009A212E /* Build configuration list for PBXProject "GadaboutiOS" */;
			compatibilityVersion = "Xcode 3.2";
			developmentRegion = English;
			hasScannedForEncodings = 0;
			knownRegions = (
				en,
				Base,
			);
			mainGroup = 63BA5EA11A7BD895009A212E;
			productRefGroup = 63BA5EAB1A7BD895009A212E /* Products */;
			projectDirPath = "";
			projectRoot = "";
			targets = (
				63BA5EA91A7BD895009A212E /* GadaboutiOS */,
				63BA5EC21A7BD895009A212E /* GadaboutiOSTests */,
			);
		};
/* End PBXProject section */

/* Begin PBXResourcesBuildPhase section */
		63BA5EA81A7BD895009A212E /* Resources */ = {
			isa = PBXResourcesBuildPhase;
			buildActionMask = 2147483647;
			files = (
				63BA5EB91A7BD895009A212E /* Main.storyboard in Resources */,
				63BA5EBE1A7BD895009A212E /* LaunchScreen.xib in Resources */,
				63BA5EBB1A7BD895009A212E /* Images.xcassets in Resources */,
			);
			runOnlyForDeploymentPostprocessing = 0;
		};
		63BA5EC11A7BD895009A212E /* Resources */ = {
			isa = PBXResourcesBuildPhase;
			buildActionMask = 2147483647;
			files = (
			);
			runOnlyForDeploymentPostprocessing = 0;
		};
/* End PBXResourcesBuildPhase section */

/* Begin PBXShellScriptBuildPhase section */
		99C2A97F8389804EE67071D4 /* Check Pods Manifest.lock */ = {
			isa = PBXShellScriptBuildPhase;
			buildActionMask = 2147483647;
			files = (
			);
			inputPaths = (
			);
			name = "Check Pods Manifest.lock";
			outputPaths = (
			);
			runOnlyForDeploymentPostprocessing = 0;
			shellPath = /bin/sh;
			shellScript = "diff \"${PODS_ROOT}/../Podfile.lock\" \"${PODS_ROOT}/Manifest.lock\" > /dev/null\nif [[ $? != 0 ]] ; then\n    cat << EOM\nerror: The sandbox is not in sync with the Podfile.lock. Run 'pod install' or update your CocoaPods installation.\nEOM\n    exit 1\nfi\n";
			showEnvVarsInLog = 0;
		};
		DB9B69693654F0224E3DE0D5 /* Copy Pods Resources */ = {
			isa = PBXShellScriptBuildPhase;
			buildActionMask = 2147483647;
			files = (
			);
			inputPaths = (
			);
			name = "Copy Pods Resources";
			outputPaths = (
			);
			runOnlyForDeploymentPostprocessing = 0;
			shellPath = /bin/sh;
			shellScript = "\"${SRCROOT}/Pods/Target Support Files/Pods-GadaboutiOS/Pods-GadaboutiOS-resources.sh\"\n";
			showEnvVarsInLog = 0;
		};
/* End PBXShellScriptBuildPhase section */

/* Begin PBXSourcesBuildPhase section */
		63BA5EA61A7BD895009A212E /* Sources */ = {
			isa = PBXSourcesBuildPhase;
			buildActionMask = 2147483647;
			files = (
				63778E0E1A7F224700B68D48 /* Invitation.m in Sources */,
				63778E171A80317C00B68D48 /* AuthViewController.m in Sources */,
				63778E111A80121F00B68D48 /* CollectionViewController.m in Sources */,
				FA1923B31A7BE1ED00561568 /* LocationController.m in Sources */,
				63778E0B1A7F214A00B68D48 /* Person.m in Sources */,
				63BA5EB31A7BD895009A212E /* AppDelegate.m in Sources */,
				63BA5EB01A7BD895009A212E /* main.m in Sources */,
			);
			runOnlyForDeploymentPostprocessing = 0;
		};
		63BA5EBF1A7BD895009A212E /* Sources */ = {
			isa = PBXSourcesBuildPhase;
			buildActionMask = 2147483647;
			files = (
				63BA5ECA1A7BD895009A212E /* GadaboutiOSTests.m in Sources */,
			);
			runOnlyForDeploymentPostprocessing = 0;
		};
/* End PBXSourcesBuildPhase section */

/* Begin PBXTargetDependency section */
		63BA5EC51A7BD895009A212E /* PBXTargetDependency */ = {
			isa = PBXTargetDependency;
			target = 63BA5EA91A7BD895009A212E /* GadaboutiOS */;
			targetProxy = 63BA5EC41A7BD895009A212E /* PBXContainerItemProxy */;
		};
/* End PBXTargetDependency section */

/* Begin PBXVariantGroup section */
		63BA5EB71A7BD895009A212E /* Main.storyboard */ = {
			isa = PBXVariantGroup;
			children = (
				63BA5EB81A7BD895009A212E /* Base */,
			);
			name = Main.storyboard;
			sourceTree = "<group>";
		};
		63BA5EBC1A7BD895009A212E /* LaunchScreen.xib */ = {
			isa = PBXVariantGroup;
			children = (
				63BA5EBD1A7BD895009A212E /* Base */,
			);
			name = LaunchScreen.xib;
			sourceTree = "<group>";
		};
/* End PBXVariantGroup section */

/* Begin XCBuildConfiguration section */
		63BA5ECB1A7BD895009A212E /* Debug */ = {
			isa = XCBuildConfiguration;
			buildSettings = {
				ALWAYS_SEARCH_USER_PATHS = NO;
				CLANG_CXX_LANGUAGE_STANDARD = "gnu++0x";
				CLANG_CXX_LIBRARY = "libc++";
				CLANG_ENABLE_MODULES = YES;
				CLANG_ENABLE_OBJC_ARC = YES;
				CLANG_WARN_BOOL_CONVERSION = YES;
				CLANG_WARN_CONSTANT_CONVERSION = YES;
				CLANG_WARN_DIRECT_OBJC_ISA_USAGE = YES_ERROR;
				CLANG_WARN_EMPTY_BODY = YES;
				CLANG_WARN_ENUM_CONVERSION = YES;
				CLANG_WARN_INT_CONVERSION = YES;
				CLANG_WARN_OBJC_ROOT_CLASS = YES_ERROR;
				CLANG_WARN_UNREACHABLE_CODE = YES;
				CLANG_WARN__DUPLICATE_METHOD_MATCH = YES;
				"CODE_SIGN_IDENTITY[sdk=iphoneos*]" = "iPhone Developer";
				COPY_PHASE_STRIP = NO;
				ENABLE_STRICT_OBJC_MSGSEND = YES;
				GCC_C_LANGUAGE_STANDARD = gnu99;
				GCC_DYNAMIC_NO_PIC = NO;
				GCC_OPTIMIZATION_LEVEL = 0;
				GCC_PREPROCESSOR_DEFINITIONS = (
					"DEBUG=1",
					"$(inherited)",
				);
				GCC_SYMBOLS_PRIVATE_EXTERN = NO;
				GCC_WARN_64_TO_32_BIT_CONVERSION = YES;
				GCC_WARN_ABOUT_RETURN_TYPE = YES_ERROR;
				GCC_WARN_UNDECLARED_SELECTOR = YES;
				GCC_WARN_UNINITIALIZED_AUTOS = YES_AGGRESSIVE;
				GCC_WARN_UNUSED_FUNCTION = YES;
				GCC_WARN_UNUSED_VARIABLE = YES;
				IPHONEOS_DEPLOYMENT_TARGET = 8.1;
				MTL_ENABLE_DEBUG_INFO = YES;
				ONLY_ACTIVE_ARCH = YES;
				SDKROOT = iphoneos;
			};
			name = Debug;
		};
		63BA5ECC1A7BD895009A212E /* Release */ = {
			isa = XCBuildConfiguration;
			buildSettings = {
				ALWAYS_SEARCH_USER_PATHS = NO;
				CLANG_CXX_LANGUAGE_STANDARD = "gnu++0x";
				CLANG_CXX_LIBRARY = "libc++";
				CLANG_ENABLE_MODULES = YES;
				CLANG_ENABLE_OBJC_ARC = YES;
				CLANG_WARN_BOOL_CONVERSION = YES;
				CLANG_WARN_CONSTANT_CONVERSION = YES;
				CLANG_WARN_DIRECT_OBJC_ISA_USAGE = YES_ERROR;
				CLANG_WARN_EMPTY_BODY = YES;
				CLANG_WARN_ENUM_CONVERSION = YES;
				CLANG_WARN_INT_CONVERSION = YES;
				CLANG_WARN_OBJC_ROOT_CLASS = YES_ERROR;
				CLANG_WARN_UNREACHABLE_CODE = YES;
				CLANG_WARN__DUPLICATE_METHOD_MATCH = YES;
				"CODE_SIGN_IDENTITY[sdk=iphoneos*]" = "iPhone Developer";
				COPY_PHASE_STRIP = YES;
				ENABLE_NS_ASSERTIONS = NO;
				ENABLE_STRICT_OBJC_MSGSEND = YES;
				GCC_C_LANGUAGE_STANDARD = gnu99;
				GCC_WARN_64_TO_32_BIT_CONVERSION = YES;
				GCC_WARN_ABOUT_RETURN_TYPE = YES_ERROR;
				GCC_WARN_UNDECLARED_SELECTOR = YES;
				GCC_WARN_UNINITIALIZED_AUTOS = YES_AGGRESSIVE;
				GCC_WARN_UNUSED_FUNCTION = YES;
				GCC_WARN_UNUSED_VARIABLE = YES;
				IPHONEOS_DEPLOYMENT_TARGET = 8.1;
				MTL_ENABLE_DEBUG_INFO = NO;
				SDKROOT = iphoneos;
				VALIDATE_PRODUCT = YES;
			};
			name = Release;
		};
		63BA5ECE1A7BD895009A212E /* Debug */ = {
			isa = XCBuildConfiguration;
			baseConfigurationReference = 7FA473F32C8A75C989156375 /* Pods-GadaboutiOS.debug.xcconfig */;
			buildSettings = {
				ASSETCATALOG_COMPILER_APPICON_NAME = AppIcon;
				INFOPLIST_FILE = GadaboutiOS/Info.plist;
				LD_RUNPATH_SEARCH_PATHS = "$(inherited) @executable_path/Frameworks";
				PRODUCT_NAME = "$(TARGET_NAME)";
			};
			name = Debug;
		};
		63BA5ECF1A7BD895009A212E /* Release */ = {
			isa = XCBuildConfiguration;
			baseConfigurationReference = EB2E5C5BE4A0B2E6D3546FF5 /* Pods-GadaboutiOS.release.xcconfig */;
			buildSettings = {
				ASSETCATALOG_COMPILER_APPICON_NAME = AppIcon;
				INFOPLIST_FILE = GadaboutiOS/Info.plist;
				LD_RUNPATH_SEARCH_PATHS = "$(inherited) @executable_path/Frameworks";
				PRODUCT_NAME = "$(TARGET_NAME)";
			};
			name = Release;
		};
		63BA5ED11A7BD895009A212E /* Debug */ = {
			isa = XCBuildConfiguration;
			buildSettings = {
				BUNDLE_LOADER = "$(TEST_HOST)";
				FRAMEWORK_SEARCH_PATHS = (
					"$(SDKROOT)/Developer/Library/Frameworks",
					"$(inherited)",
				);
				GCC_PREPROCESSOR_DEFINITIONS = (
					"DEBUG=1",
					"$(inherited)",
				);
				INFOPLIST_FILE = GadaboutiOSTests/Info.plist;
				LD_RUNPATH_SEARCH_PATHS = "$(inherited) @executable_path/Frameworks @loader_path/Frameworks";
				PRODUCT_NAME = "$(TARGET_NAME)";
				TEST_HOST = "$(BUILT_PRODUCTS_DIR)/GadaboutiOS.app/GadaboutiOS";
			};
			name = Debug;
		};
		63BA5ED21A7BD895009A212E /* Release */ = {
			isa = XCBuildConfiguration;
			buildSettings = {
				BUNDLE_LOADER = "$(TEST_HOST)";
				FRAMEWORK_SEARCH_PATHS = (
					"$(SDKROOT)/Developer/Library/Frameworks",
					"$(inherited)",
				);
				INFOPLIST_FILE = GadaboutiOSTests/Info.plist;
				LD_RUNPATH_SEARCH_PATHS = "$(inherited) @executable_path/Frameworks @loader_path/Frameworks";
				PRODUCT_NAME = "$(TARGET_NAME)";
				TEST_HOST = "$(BUILT_PRODUCTS_DIR)/GadaboutiOS.app/GadaboutiOS";
			};
			name = Release;
		};
/* End XCBuildConfiguration section */

/* Begin XCConfigurationList section */
		63BA5EA51A7BD895009A212E /* Build configuration list for PBXProject "GadaboutiOS" */ = {
			isa = XCConfigurationList;
			buildConfigurations = (
				63BA5ECB1A7BD895009A212E /* Debug */,
				63BA5ECC1A7BD895009A212E /* Release */,
			);
			defaultConfigurationIsVisible = 0;
			defaultConfigurationName = Release;
		};
		63BA5ECD1A7BD895009A212E /* Build configuration list for PBXNativeTarget "GadaboutiOS" */ = {
			isa = XCConfigurationList;
			buildConfigurations = (
				63BA5ECE1A7BD895009A212E /* Debug */,
				63BA5ECF1A7BD895009A212E /* Release */,
			);
			defaultConfigurationIsVisible = 0;
			defaultConfigurationName = Release;
		};
		63BA5ED01A7BD895009A212E /* Build configuration list for PBXNativeTarget "GadaboutiOSTests" */ = {
			isa = XCConfigurationList;
			buildConfigurations = (
				63BA5ED11A7BD895009A212E /* Debug */,
				63BA5ED21A7BD895009A212E /* Release */,
			);
			defaultConfigurationIsVisible = 0;
			defaultConfigurationName = Release;
		};
/* End XCConfigurationList section */
	};
	rootObject = 63BA5EA21A7BD895009A212E /* Project object */;
}
